<?xml version="1.0" encoding="utf-8"?>
<Project ToolsVersion="4.0" xmlns="http://schemas.microsoft.com/developer/msbuild/2003">
  <ItemGroup>
    <Filter Include="protocol">
      <UniqueIdentifier>{a073e040-4368-4f2b-b53a-87053a20159a}</UniqueIdentifier>
    </Filter>
    <Filter Include="protocol\system">
      <UniqueIdentifier>{e36e4bbb-9436-4d85-8709-0783c45603a9}</UniqueIdentifier>
    </Filter>
    <Filter Include="protocol\sse">
      <UniqueIdentifier>{a77bd465-fdcf-4cfa-bbe5-c97441add7c9}</UniqueIdentifier>
    </Filter>
    <Filter Include="protocol\szse">
      <UniqueIdentifier>{43c6b9d9-75ff-4925-8af8-ad7f2825aa7e}</UniqueIdentifier>
    </Filter>
    <Filter Include="protocol\cffe">
      <UniqueIdentifier>{0f28d8e7-e687-4b4d-a9aa-9539a25c14bb}</UniqueIdentifier>
    </Filter>
    <Filter Include="protocol\level1">
      <UniqueIdentifier>{6de009b9-81e5-4fe0-98d8-2af8cb579258}</UniqueIdentifier>
    </Filter>
    <Filter Include="protocol\monitor">
      <UniqueIdentifier>{fd45dd0a-4921-4b3b-af9e-82789323435a}</UniqueIdentifier>
    </Filter>
    <Filter Include="protocol\dce">
      <UniqueIdentifier>{d8e953b2-038b-4646-8895-53f668e3c256}</UniqueIdentifier>
    </Filter>
    <Filter Include="protocol\shfe">
      <UniqueIdentifier>{da0c9297-5cb6-4ee8-88d9-9eef614f5b51}</UniqueIdentifier>
    </Filter>
    <Filter Include="protocol\czce">
      <UniqueIdentifier>{79574816-12e5-4877-a63e-17704a47e23a}</UniqueIdentifier>
    </Filter>
    <Filter Include="server">
      <UniqueIdentifier>{93995380-89BD-4b04-88EB-625FBE52EBFB}</UniqueIdentifier>
      <Extensions>h;hpp;hxx;hm;inl;inc;xsd</Extensions>
    </Filter>
    <Filter Include="Resource Files">
      <UniqueIdentifier>{67DA6AB6-F800-4c08-8B7A-83BB121AAD01}</UniqueIdentifier>
      <Extensions>rc;ico;cur;bmp;dlg;rc2;rct;bin;rgs;gif;jpg;jpeg;jpe;resx;tiff;tif;png;wav</Extensions>
    </Filter>
    <Filter Include="serialization">
      <UniqueIdentifier>{b1d32f43-9c58-4497-b46a-9528b02198e3}</UniqueIdentifier>
    </Filter>
    <Filter Include="include">
      <UniqueIdentifier>{d19496f5-d633-4509-8877-6f02220db86d}</UniqueIdentifier>
    </Filter>
    <Filter Include="tinyxml">
      <UniqueIdentifier>{2d7629ad-2220-40aa-9ca0-2ec72de71d96}</UniqueIdentifier>
    </Filter>
    <Filter Include="environment">
      <UniqueIdentifier>{043e7a25-7eae-4f72-bf66-c140120bb975}</UniqueIdentifier>
    </Filter>
    <Filter Include="command">
      <UniqueIdentifier>{89dd3cf0-9999-434a-85cd-ebde17cbcc0a}</UniqueIdentifier>
    </Filter>
    <Filter Include="command\monitor">
      <UniqueIdentifier>{1c964004-715c-4f26-ba57-d5ff9b27cfa6}</UniqueIdentifier>
    </Filter>
    <Filter Include="test">
      <UniqueIdentifier>{bea58096-dd2d-4349-bc41-7bd63ca8d432}</UniqueIdentifier>
    </Filter>
    <Filter Include="session">
      <UniqueIdentifier>{08462daa-7945-465a-9436-40393b5c19f2}</UniqueIdentifier>
    </Filter>
    <Filter Include="usermanager">
      <UniqueIdentifier>{ec0c74b9-01c8-4021-93ef-014b59ff9e11}</UniqueIdentifier>
    </Filter>
    <Filter Include="product">
      <UniqueIdentifier>{846f6d2e-0f71-4e69-a5a7-b3e8c00544f1}</UniqueIdentifier>
    </Filter>
    <Filter Include="product\adapter">
      <UniqueIdentifier>{53bf9336-85f9-4327-9bfc-0402ac933841}</UniqueIdentifier>
    </Filter>
    <Filter Include="product\adapter\base">
      <UniqueIdentifier>{1eb93609-d052-46ea-8d2b-cfc5d14f3eaa}</UniqueIdentifier>
    </Filter>
    <Filter Include="product\adapter\relay">
      <UniqueIdentifier>{a23dec36-024a-4024-a01b-2d5cab4c7490}</UniqueIdentifier>
    </Filter>
    <Filter Include="product\adapter\simulator">
      <UniqueIdentifier>{4401c8a1-29a9-4fc5-b40e-8a1b7ef6602a}</UniqueIdentifier>
    </Filter>
    <Filter Include="netmodule">
      <UniqueIdentifier>{1ca9cbb8-c8dc-472e-9726-cdec79510b21}</UniqueIdentifier>
    </Filter>
  </ItemGroup>
  <ItemGroup>
    <ClCompile Include="..\src\protocol\binary_codec.cpp">
      <Filter>protocol</Filter>
    </ClCompile>
    <ClCompile Include="..\src\protocol\codec_buffer.cpp">
      <Filter>protocol</Filter>
    </ClCompile>
    <ClCompile Include="..\src\protocol\fast_message_codec.cpp">
      <Filter>protocol</Filter>
    </ClCompile>
    <ClCompile Include="..\src\protocol\market_header_codec.cpp">
      <Filter>protocol</Filter>
    </ClCompile>
    <ClCompile Include="..\src\protocol\mdf_message.cpp">
      <Filter>protocol</Filter>
    </ClCompile>
    <ClCompile Include="..\src\protocol\protocol_description.cpp">
      <Filter>protocol</Filter>
    </ClCompile>
    <ClCompile Include="..\src\protocol\protocol_processor.cpp">
      <Filter>protocol</Filter>
    </ClCompile>
    <ClCompile Include="..\src\protocol\protocol_processor_center.cpp">
      <Filter>protocol</Filter>
    </ClCompile>
    <ClCompile Include="..\src\protocol\protocol_processor_controller.cpp">
      <Filter>protocol</Filter>
    </ClCompile>
    <ClCompile Include="..\src\protocol\protocol_processor_factory.cpp">
      <Filter>protocol</Filter>
    </ClCompile>
    <ClCompile Include="..\src\protocol\binary_codec_heart_beat.cpp">
      <Filter>protocol\system</Filter>
    </ClCompile>
    <ClCompile Include="..\src\protocol\binary_codec_login_request.cpp">
      <Filter>protocol\system</Filter>
    </ClCompile>
    <ClCompile Include="..\src\protocol\binary_codec_login_response.cpp">
      <Filter>protocol\system</Filter>
    </ClCompile>
    <ClCompile Include="..\src\protocol\binary_codec_logout.cpp">
      <Filter>protocol\system</Filter>
    </ClCompile>
    <ClCompile Include="..\src\protocol\system_header_codec.cpp">
      <Filter>protocol\system</Filter>
    </ClCompile>
    <ClCompile Include="..\src\protocol\binary_codec_shl2_auction_price.cpp">
      <Filter>protocol\sse</Filter>
    </ClCompile>
    <ClCompile Include="..\src\protocol\binary_codec_shl2_market_data.cpp">
      <Filter>protocol\sse</Filter>
    </ClCompile>
    <ClCompile Include="..\src\protocol\binary_codec_shl2_order_queue.cpp">
      <Filter>protocol\sse</Filter>
    </ClCompile>
    <ClCompile Include="..\src\protocol\binary_codec_shl2_overview.cpp">
      <Filter>protocol\sse</Filter>
    </ClCompile>
    <ClCompile Include="..\src\protocol\binary_codec_shl2_trans.cpp">
      <Filter>protocol\sse</Filter>
    </ClCompile>
    <ClCompile Include="..\src\protocol\fast_codec_shl2_auction_price.cpp">
      <Filter>protocol\sse</Filter>
    </ClCompile>
    <ClCompile Include="..\src\protocol\fast_codec_shl2_market_data.cpp">
      <Filter>protocol\sse</Filter>
    </ClCompile>
    <ClCompile Include="..\src\protocol\fast_codec_shl2_order_queue.cpp">
      <Filter>protocol\sse</Filter>
    </ClCompile>
    <ClCompile Include="..\src\protocol\fast_codec_shl2_overview.cpp">
      <Filter>protocol\sse</Filter>
    </ClCompile>
    <ClCompile Include="..\src\protocol\fast_codec_shl2_trans.cpp">
      <Filter>protocol\sse</Filter>
    </ClCompile>
    <ClCompile Include="..\src\protocol\binary_codec_szl2_orders.cpp">
      <Filter>protocol\szse</Filter>
    </ClCompile>
    <ClCompile Include="..\src\protocol\fast_codec_szl2_market_data.cpp">
      <Filter>protocol\szse</Filter>
    </ClCompile>
    <ClCompile Include="..\src\protocol\fast_codec_szl2_orders.cpp">
      <Filter>protocol\szse</Filter>
    </ClCompile>
    <ClCompile Include="..\src\protocol\fast_codec_szl2_trans.cpp">
      <Filter>protocol\szse</Filter>
    </ClCompile>
    <ClCompile Include="..\src\protocol\stop_bit_codec_szl2_market_data.cpp">
      <Filter>protocol\szse</Filter>
    </ClCompile>
    <ClCompile Include="..\src\protocol\stop_bit_codec_szl2_order_queue.cpp">
      <Filter>protocol\szse</Filter>
    </ClCompile>
    <ClCompile Include="..\src\protocol\stop_bit_codec_szl2_orders.cpp">
      <Filter>protocol\szse</Filter>
    </ClCompile>
    <ClCompile Include="..\src\protocol\stop_bit_codec_szl2_trans.cpp">
      <Filter>protocol\szse</Filter>
    </ClCompile>
    <ClCompile Include="..\src\protocol\binary_codec_cffel1_market_data.cpp">
      <Filter>protocol\cffe</Filter>
    </ClCompile>
    <ClCompile Include="..\src\protocol\binary_codec_cffel2_market_data.cpp">
      <Filter>protocol\cffe</Filter>
    </ClCompile>
    <ClCompile Include="..\src\protocol\fast_codec_cffel1_market_data.cpp">
      <Filter>protocol\cffe</Filter>
    </ClCompile>
    <ClCompile Include="..\src\protocol\fast_codec_cffel2_market_data.cpp">
      <Filter>protocol\cffe</Filter>
    </ClCompile>
    <ClCompile Include="..\src\protocol\binary_codec_shszl1_market_data.cpp">
      <Filter>protocol\level1</Filter>
    </ClCompile>
    <ClCompile Include="..\src\protocol\fast_codec_shszl1_market_data.cpp">
      <Filter>protocol\level1</Filter>
    </ClCompile>
    <ClCompile Include="..\src\protocol\binary_codec_client_status.cpp">
      <Filter>protocol\monitor</Filter>
    </ClCompile>
    <ClCompile Include="..\src\protocol\binary_codec_transfer_stat.cpp">
      <Filter>protocol\monitor</Filter>
    </ClCompile>
    <ClCompile Include="..\src\protocol\monitor_header_codec.cpp">
      <Filter>protocol\monitor</Filter>
    </ClCompile>
    <ClCompile Include="..\src\protocol\fast_codec_dcel1_market_data.cpp">
      <Filter>protocol\dce</Filter>
    </ClCompile>
    <ClCompile Include="..\src\protocol\fast_codec_shfel1_market_data.cpp">
      <Filter>protocol\shfe</Filter>
    </ClCompile>
    <ClCompile Include="..\src\protocol\fast_codec_czcel1_market_data.cpp">
      <Filter>protocol\czce</Filter>
    </ClCompile>
    <ClCompile Include="..\src\server\feedserver.cpp">
      <Filter>server</Filter>
    </ClCompile>
    <ClCompile Include="..\src\server\stdafx.cpp">
      <Filter>server</Filter>
    </ClCompile>
    <ClCompile Include="..\..\lib\serialization\clonable.cpp">
      <Filter>serialization</Filter>
    </ClCompile>
    <ClCompile Include="..\..\lib\serialization\memento.cpp">
      <Filter>serialization</Filter>
    </ClCompile>
    <ClCompile Include="..\..\lib\serialization\memento_reader.cpp">
      <Filter>serialization</Filter>
    </ClCompile>
    <ClCompile Include="..\..\lib\serialization\memento_writer.cpp">
      <Filter>serialization</Filter>
    </ClCompile>
    <ClCompile Include="..\..\lib\serialization\persistable.cpp">
      <Filter>serialization</Filter>
    </ClCompile>
    <ClCompile Include="..\..\lib\serialization\serializer.cpp">
      <Filter>serialization</Filter>
    </ClCompile>
    <ClCompile Include="..\..\lib\serialization\serializer_utils.cpp">
      <Filter>serialization</Filter>
    </ClCompile>
    <ClCompile Include="..\..\lib\tinyxml\tinystr.cpp">
      <Filter>tinyxml</Filter>
    </ClCompile>
    <ClCompile Include="..\..\lib\tinyxml\tinyxml.cpp">
      <Filter>tinyxml</Filter>
    </ClCompile>
    <ClCompile Include="..\..\lib\tinyxml\tinyxmlerror.cpp">
      <Filter>tinyxml</Filter>
    </ClCompile>
    <ClCompile Include="..\..\lib\tinyxml\tinyxmlparser.cpp">
      <Filter>tinyxml</Filter>
    </ClCompile>
    <ClCompile Include="..\src\environment\application_directory.cpp">
      <Filter>environment</Filter>
    </ClCompile>
    <ClCompile Include="..\src\environment\data_reader.cpp">
      <Filter>environment</Filter>
    </ClCompile>
    <ClCompile Include="..\src\environment\data_writer.cpp">
      <Filter>environment</Filter>
    </ClCompile>
    <ClCompile Include="..\src\environment\directory.cpp">
      <Filter>environment</Filter>
    </ClCompile>
    <ClCompile Include="..\src\environment\file.cpp">
      <Filter>environment</Filter>
    </ClCompile>
    <ClCompile Include="..\src\environment\file_seek.cpp">
      <Filter>environment</Filter>
    </ClCompile>
    <ClCompile Include="..\src\environment\server_environment.cpp">
      <Filter>environment</Filter>
    </ClCompile>
    <ClCompile Include="..\src\environment\strutils.cpp">
      <Filter>environment</Filter>
    </ClCompile>
    <ClCompile Include="..\src\environment\system_config.cpp">
      <Filter>environment</Filter>
    </ClCompile>
    <ClCompile Include="..\src\environment\utils.cpp">
      <Filter>environment</Filter>
    </ClCompile>
    <ClCompile Include="..\src\environment\wmdf_file.cpp">
      <Filter>environment</Filter>
    </ClCompile>
    <ClCompile Include="..\src\commandline\console_command.cpp">
      <Filter>command</Filter>
    </ClCompile>
    <ClCompile Include="..\src\commandline\console_command_group.cpp">
      <Filter>command</Filter>
    </ClCompile>
    <ClCompile Include="..\src\commandline\console_command_manager.cpp">
      <Filter>command</Filter>
    </ClCompile>
    <ClCompile Include="..\src\commandline\console_command_parser.cpp">
      <Filter>command</Filter>
    </ClCompile>
    <ClCompile Include="..\src\commandline\console_command_printer.cpp">
      <Filter>command</Filter>
    </ClCompile>
    <ClCompile Include="..\src\commandline\console_command_processor.cpp">
      <Filter>command</Filter>
    </ClCompile>
    <ClCompile Include="..\src\commandline\system_console_command_factory.cpp">
      <Filter>command</Filter>
    </ClCompile>
    <ClCompile Include="..\src\commandline\test_command.cpp">
      <Filter>command</Filter>
    </ClCompile>
    <ClCompile Include="..\src\commandline\help_command.cpp">
      <Filter>command\monitor</Filter>
    </ClCompile>
    <ClCompile Include="..\src\commandline\logger_command.cpp">
      <Filter>command\monitor</Filter>
    </ClCompile>
    <ClCompile Include="..\src\commandline\monitor_command.cpp">
      <Filter>command\monitor</Filter>
    </ClCompile>
    <ClCompile Include="..\src\commandline\net_command.cpp">
      <Filter>command\monitor</Filter>
    </ClCompile>
    <ClCompile Include="..\src\commandline\user_command.cpp">
      <Filter>command\monitor</Filter>
    </ClCompile>
    <ClCompile Include="..\src\session\dispatching_center.cpp">
      <Filter>session</Filter>
    </ClCompile>
    <ClCompile Include="..\src\session\feed_client.cpp">
      <Filter>session</Filter>
    </ClCompile>
    <ClCompile Include="..\src\session\feed_connection.cpp">
      <Filter>session</Filter>
    </ClCompile>
    <ClCompile Include="..\src\session\feed_event_factory.cpp">
      <Filter>session</Filter>
    </ClCompile>
    <ClCompile Include="..\src\session\feed_scheduler.cpp">
      <Filter>session</Filter>
    </ClCompile>
    <ClCompile Include="..\src\session\feed_server.cpp">
      <Filter>session</Filter>
    </ClCompile>
    <ClCompile Include="..\src\session\login_proxy.cpp">
      <Filter>session</Filter>
    </ClCompile>
    <ClCompile Include="..\src\session\message_publisher.cpp">
      <Filter>session</Filter>
    </ClCompile>
    <ClCompile Include="..\src\session\subscriber.cpp">
      <Filter>session</Filter>
    </ClCompile>
    <ClCompile Include="..\src\session\subscriber_group.cpp">
      <Filter>session</Filter>
    </ClCompile>
    <ClCompile Include="..\src\session\subscriber_manager.cpp">
      <Filter>session</Filter>
    </ClCompile>
    <ClCompile Include="..\src\session\system_message_handler.cpp">
      <Filter>session</Filter>
    </ClCompile>
    <ClCompile Include="..\src\session\system_message_processor.cpp">
      <Filter>session</Filter>
    </ClCompile>
    <ClCompile Include="..\src\session\system_message_processor_center.cpp">
      <Filter>session</Filter>
    </ClCompile>
    <ClCompile Include="..\src\session\system_message_processor_factory.cpp">
      <Filter>session</Filter>
    </ClCompile>
    <ClCompile Include="..\src\usermanager\authenticator.cpp">
      <Filter>usermanager</Filter>
    </ClCompile>
    <ClCompile Include="..\src\usermanager\authorized_product.cpp">
      <Filter>usermanager</Filter>
    </ClCompile>
    <ClCompile Include="..\src\usermanager\default_authenticator.cpp">
      <Filter>usermanager</Filter>
    </ClCompile>
    <ClCompile Include="..\src\usermanager\user.cpp">
      <Filter>usermanager</Filter>
    </ClCompile>
    <ClCompile Include="..\src\usermanager\user_manager.cpp">
      <Filter>usermanager</Filter>
    </ClCompile>
    <ClCompile Include="..\src\monitor\client_status_collector.cpp">
      <Filter>protocol\monitor</Filter>
    </ClCompile>
    <ClCompile Include="..\src\monitor\event_listener.cpp">
      <Filter>protocol\monitor</Filter>
    </ClCompile>
    <ClCompile Include="..\src\monitor\event_pool.cpp">
      <Filter>protocol\monitor</Filter>
    </ClCompile>
    <ClCompile Include="..\src\monitor\feed_event.cpp">
      <Filter>protocol\monitor</Filter>
    </ClCompile>
    <ClCompile Include="..\src\monitor\logger.cpp">
      <Filter>protocol\monitor</Filter>
    </ClCompile>
    <ClCompile Include="..\src\monitor\monitor_adapter.cpp">
      <Filter>protocol\monitor</Filter>
    </ClCompile>
    <ClCompile Include="..\src\monitor\monitor_state.cpp">
      <Filter>protocol\monitor</Filter>
    </ClCompile>
    <ClCompile Include="..\src\monitor\product_adapter_listener.cpp">
      <Filter>protocol\monitor</Filter>
    </ClCompile>
    <ClCompile Include="..\src\monitor\productdata_logger.cpp">
      <Filter>protocol\monitor</Filter>
    </ClCompile>
    <ClCompile Include="..\src\monitor\transfer_status_collector.cpp">
      <Filter>protocol\monitor</Filter>
    </ClCompile>
    <ClCompile Include="..\src\product\message_descripter.cpp">
      <Filter>product</Filter>
    </ClCompile>
    <ClCompile Include="..\src\product\product_descripter.cpp">
      <Filter>product</Filter>
    </ClCompile>
    <ClCompile Include="..\src\product\product_manager.cpp">
      <Filter>product</Filter>
    </ClCompile>
    <ClCompile Include="..\src\product\product_source.cpp">
      <Filter>product</Filter>
    </ClCompile>
    <ClCompile Include="..\src\product\product_source_manager.cpp">
      <Filter>product</Filter>
    </ClCompile>
    <ClCompile Include="..\src\product\relay_product_adapter_factory.cpp">
      <Filter>product</Filter>
    </ClCompile>
    <ClCompile Include="..\src\product\version_descripter.cpp">
      <Filter>product</Filter>
    </ClCompile>
    <ClCompile Include="..\src\product\adapter\adapter_guard.cpp">
      <Filter>product\adapter\base</Filter>
    </ClCompile>
    <ClCompile Include="..\src\product\adapter\iproduct_adapter.cpp">
      <Filter>product\adapter\base</Filter>
    </ClCompile>
    <ClCompile Include="..\src\product\adapter\product_adapter.cpp">
      <Filter>product\adapter\base</Filter>
    </ClCompile>
    <ClCompile Include="..\src\product\adapter\relay_adapter.cpp">
      <Filter>product\adapter\relay</Filter>
    </ClCompile>
    <ClCompile Include="..\src\product\adapter\simulator_adapter.cpp">
      <Filter>product\adapter\simulator</Filter>
    </ClCompile>
    <ClCompile Include="..\..\lib\netmodule\client.cpp">
      <Filter>netmodule</Filter>
    </ClCompile>
    <ClCompile Include="..\..\lib\netmodule\client_impl.cpp">
      <Filter>netmodule</Filter>
    </ClCompile>
    <ClCompile Include="..\..\lib\netmodule\conn_manager.cpp">
      <Filter>netmodule</Filter>
    </ClCompile>
    <ClCompile Include="..\..\lib\netmodule\connection.cpp">
      <Filter>netmodule</Filter>
    </ClCompile>
    <ClCompile Include="..\..\lib\netmodule\message_factory.cpp">
      <Filter>netmodule</Filter>
    </ClCompile>
    <ClCompile Include="..\..\lib\netmodule\net_module.cpp">
      <Filter>netmodule</Filter>
    </ClCompile>
    <ClCompile Include="..\..\lib\netmodule\server.cpp">
      <Filter>netmodule</Filter>
    </ClCompile>
    <ClCompile Include="..\..\lib\netmodule\server_impl.cpp">
      <Filter>netmodule</Filter>
    </ClCompile>
  </ItemGroup>
  <ItemGroup>
    <ClInclude Include="..\src\protocol\binary_codec.h">
      <Filter>protocol</Filter>
    </ClInclude>
    <ClInclude Include="..\src\protocol\binary_message_codec.h">
      <Filter>protocol</Filter>
    </ClInclude>
    <ClInclude Include="..\src\protocol\codec_buffer.h">
      <Filter>protocol</Filter>
    </ClInclude>
    <ClInclude Include="..\src\protocol\fast_codec.h">
      <Filter>protocol</Filter>
    </ClInclude>
    <ClInclude Include="..\src\protocol\fast_message_codec.h">
      <Filter>protocol</Filter>
    </ClInclude>
    <ClInclude Include="..\src\protocol\header_codec.h">
      <Filter>protocol</Filter>
    </ClInclude>
    <ClInclude Include="..\src\protocol\market_header_codec.h">
      <Filter>protocol</Filter>
    </ClInclude>
    <ClInclude Include="..\src\protocol\mdf_message.h">
      <Filter>protocol</Filter>
    </ClInclude>
    <ClInclude Include="..\src\protocol\message_codec.h">
      <Filter>protocol</Filter>
    </ClInclude>
    <ClInclude Include="..\src\protocol\protocol_description.h">
      <Filter>protocol</Filter>
    </ClInclude>
    <ClInclude Include="..\src\protocol\protocol_processor.h">
      <Filter>protocol</Filter>
    </ClInclude>
    <ClInclude Include="..\src\protocol\protocol_processor_center.h">
      <Filter>protocol</Filter>
    </ClInclude>
    <ClInclude Include="..\src\protocol\protocol_processor_controller.h">
      <Filter>protocol</Filter>
    </ClInclude>
    <ClInclude Include="..\src\protocol\protocol_processor_factory.h">
      <Filter>protocol</Filter>
    </ClInclude>
    <ClInclude Include="..\src\protocol\binary_codec_heart_beat.h">
      <Filter>protocol\system</Filter>
    </ClInclude>
    <ClInclude Include="..\src\protocol\binary_codec_login_request.h">
      <Filter>protocol\system</Filter>
    </ClInclude>
    <ClInclude Include="..\src\protocol\binary_codec_login_response.h">
      <Filter>protocol\system</Filter>
    </ClInclude>
    <ClInclude Include="..\src\protocol\binary_codec_logout.h">
      <Filter>protocol\system</Filter>
    </ClInclude>
    <ClInclude Include="..\src\protocol\system_header_codec.h">
      <Filter>protocol\system</Filter>
    </ClInclude>
    <ClInclude Include="..\src\protocol\binary_codec_shl2_auction_price.h">
      <Filter>protocol\sse</Filter>
    </ClInclude>
    <ClInclude Include="..\src\protocol\binary_codec_shl2_market_data.h">
      <Filter>protocol\sse</Filter>
    </ClInclude>
    <ClInclude Include="..\src\protocol\binary_codec_shl2_order_queue.h">
      <Filter>protocol\sse</Filter>
    </ClInclude>
    <ClInclude Include="..\src\protocol\binary_codec_shl2_overview.h">
      <Filter>protocol\sse</Filter>
    </ClInclude>
    <ClInclude Include="..\src\protocol\binary_codec_shl2_trans.h">
      <Filter>protocol\sse</Filter>
    </ClInclude>
    <ClInclude Include="..\src\protocol\fast_codec_shl2_auction_price.h">
      <Filter>protocol\sse</Filter>
    </ClInclude>
    <ClInclude Include="..\src\protocol\fast_codec_shl2_market_data.h">
      <Filter>protocol\sse</Filter>
    </ClInclude>
    <ClInclude Include="..\src\protocol\fast_codec_shl2_order_queue.h">
      <Filter>protocol\sse</Filter>
    </ClInclude>
    <ClInclude Include="..\src\protocol\fast_codec_shl2_overview.h">
      <Filter>protocol\sse</Filter>
    </ClInclude>
    <ClInclude Include="..\src\protocol\fast_codec_shl2_trans.h">
      <Filter>protocol\sse</Filter>
    </ClInclude>
    <ClInclude Include="..\src\protocol\binary_codec_szl2_orders.h">
      <Filter>protocol\szse</Filter>
    </ClInclude>
    <ClInclude Include="..\src\protocol\fast_codec_szl2_market_data.h">
      <Filter>protocol\szse</Filter>
    </ClInclude>
    <ClInclude Include="..\src\protocol\fast_codec_szl2_orders.h">
      <Filter>protocol\szse</Filter>
    </ClInclude>
    <ClInclude Include="..\src\protocol\fast_codec_szl2_trans.h">
      <Filter>protocol\szse</Filter>
    </ClInclude>
    <ClInclude Include="..\src\protocol\stop_bit_codec_szl2_market_data.h">
      <Filter>protocol\szse</Filter>
    </ClInclude>
    <ClInclude Include="..\src\protocol\stop_bit_codec_szl2_order_queue.h">
      <Filter>protocol\szse</Filter>
    </ClInclude>
    <ClInclude Include="..\src\protocol\stop_bit_codec_szl2_orders.h">
      <Filter>protocol\szse</Filter>
    </ClInclude>
    <ClInclude Include="..\src\protocol\stop_bit_codec_szl2_trans.h">
      <Filter>protocol\szse</Filter>
    </ClInclude>
    <ClInclude Include="..\src\protocol\binary_codec_cffel1_market_data.h">
      <Filter>protocol\cffe</Filter>
    </ClInclude>
    <ClInclude Include="..\src\protocol\binary_codec_cffel2_market_data.h">
      <Filter>protocol\cffe</Filter>
    </ClInclude>
    <ClInclude Include="..\src\protocol\fast_codec_cffel1_market_data.h">
      <Filter>protocol\cffe</Filter>
    </ClInclude>
    <ClInclude Include="..\src\protocol\fast_codec_cffel2_market_data.h">
      <Filter>protocol\cffe</Filter>
    </ClInclude>
    <ClInclude Include="..\src\protocol\binary_codec_shszl1_market_data.h">
      <Filter>protocol\level1</Filter>
    </ClInclude>
    <ClInclude Include="..\src\protocol\fast_codec_shszl1_market_data.h">
      <Filter>protocol\level1</Filter>
    </ClInclude>
    <ClInclude Include="..\src\protocol\binary_codec_client_status.h">
      <Filter>protocol\monitor</Filter>
    </ClInclude>
    <ClInclude Include="..\src\protocol\binary_codec_transfer_stat.h">
      <Filter>protocol\monitor</Filter>
    </ClInclude>
    <ClInclude Include="..\src\protocol\monitor_header_codec.h">
      <Filter>protocol\monitor</Filter>
    </ClInclude>
    <ClInclude Include="..\src\protocol\fast_codec_dcel1_market_data.h">
      <Filter>protocol\dce</Filter>
    </ClInclude>
    <ClInclude Include="..\src\protocol\fast_codec_shfel1_market_data.h">
      <Filter>protocol\shfe</Filter>
    </ClInclude>
    <ClInclude Include="..\src\protocol\fast_codec_czcel1_market_data.h">
      <Filter>protocol\czce</Filter>
    </ClInclude>
    <ClInclude Include="..\src\server\stdafx.h">
      <Filter>server</Filter>
    </ClInclude>
    <ClInclude Include="..\src\server\targetver.h">
      <Filter>server</Filter>
    </ClInclude>
    <ClInclude Include="..\..\lib\serialization\clonable.h">
      <Filter>serialization</Filter>
    </ClInclude>
    <ClInclude Include="..\..\lib\serialization\memento.h">
      <Filter>serialization</Filter>
    </ClInclude>
    <ClInclude Include="..\..\lib\serialization\memento_reader.h">
      <Filter>serialization</Filter>
    </ClInclude>
    <ClInclude Include="..\..\lib\serialization\memento_writer.h">
      <Filter>serialization</Filter>
    </ClInclude>
    <ClInclude Include="..\..\lib\serialization\persistable.h">
      <Filter>serialization</Filter>
    </ClInclude>
    <ClInclude Include="..\..\lib\serialization\serializer.h">
      <Filter>serialization</Filter>
    </ClInclude>
    <ClInclude Include="..\..\lib\serialization\serializer_utils.h">
      <Filter>serialization</Filter>
    </ClInclude>
    <ClInclude Include="..\src\include\compiler_define.h">
      <Filter>include</Filter>
    </ClInclude>
    <ClInclude Include="..\src\include\date_time.h">
      <Filter>include</Filter>
    </ClInclude>
    <ClInclude Include="..\src\include\time.h">
      <Filter>include</Filter>
    </ClInclude>
    <ClInclude Include="..\src\include\wmdf_api.h">
      <Filter>include</Filter>
    </ClInclude>
    <ClInclude Include="..\src\include\wmdf_structs.h">
      <Filter>include</Filter>
    </ClInclude>
    <ClInclude Include="..\..\lib\tinyxml\tinystr.h">
      <Filter>tinyxml</Filter>
    </ClInclude>
    <ClInclude Include="..\..\lib\tinyxml\tinyxml.h">
      <Filter>tinyxml</Filter>
    </ClInclude>
    <ClInclude Include="..\src\environment\application_directory.h">
      <Filter>environment</Filter>
    </ClInclude>
    <ClInclude Include="..\src\environment\atomic_counter.h">
      <Filter>environment</Filter>
    </ClInclude>
    <ClInclude Include="..\src\environment\atomicops.h">
      <Filter>environment</Filter>
    </ClInclude>
    <ClInclude Include="..\src\environment\data_reader.h">
      <Filter>environment</Filter>
    </ClInclude>
    <ClInclude Include="..\src\environment\data_writer.h">
      <Filter>environment</Filter>
    </ClInclude>
    <ClInclude Include="..\src\environment\directory.h">
      <Filter>environment</Filter>
    </ClInclude>
    <ClInclude Include="..\src\environment\file.h">
      <Filter>environment</Filter>
    </ClInclude>
    <ClInclude Include="..\src\environment\file_seek.h">
      <Filter>environment</Filter>
    </ClInclude>
    <ClInclude Include="..\src\environment\server_environment.h">
      <Filter>environment</Filter>
    </ClInclude>
    <ClInclude Include="..\src\environment\splitter.h">
      <Filter>environment</Filter>
    </ClInclude>
    <ClInclude Include="..\src\environment\strutils.h">
      <Filter>environment</Filter>
    </ClInclude>
    <ClInclude Include="..\src\environment\system_config.h">
      <Filter>environment</Filter>
    </ClInclude>
    <ClInclude Include="..\src\environment\utils.h">
      <Filter>environment</Filter>
    </ClInclude>
    <ClInclude Include="..\src\environment\wmdf_file.h">
      <Filter>environment</Filter>
    </ClInclude>
    <ClInclude Include="..\src\commandline\console_command.h">
      <Filter>command</Filter>
    </ClInclude>
    <ClInclude Include="..\src\commandline\console_command_define.h">
      <Filter>command</Filter>
    </ClInclude>
    <ClInclude Include="..\src\commandline\console_command_group.h">
      <Filter>command</Filter>
    </ClInclude>
    <ClInclude Include="..\src\commandline\console_command_manager.h">
      <Filter>command</Filter>
    </ClInclude>
    <ClInclude Include="..\src\commandline\console_command_parser.h">
      <Filter>command</Filter>
    </ClInclude>
    <ClInclude Include="..\src\commandline\console_command_printer.h">
      <Filter>command</Filter>
    </ClInclude>
    <ClInclude Include="..\src\commandline\console_command_processor.h">
      <Filter>command</Filter>
    </ClInclude>
    <ClInclude Include="..\src\commandline\system_console_command_factory.h">
      <Filter>command</Filter>
    </ClInclude>
    <ClInclude Include="..\src\commandline\test_command.h">
      <Filter>command</Filter>
    </ClInclude>
    <ClInclude Include="..\src\commandline\help_command.h">
      <Filter>command\monitor</Filter>
    </ClInclude>
    <ClInclude Include="..\src\commandline\logger_command.h">
      <Filter>command\monitor</Filter>
    </ClInclude>
    <ClInclude Include="..\src\commandline\monitor_command.h">
      <Filter>command\monitor</Filter>
    </ClInclude>
    <ClInclude Include="..\src\commandline\net_command.h">
      <Filter>command\monitor</Filter>
    </ClInclude>
    <ClInclude Include="..\src\commandline\user_command.h">
      <Filter>command\monitor</Filter>
    </ClInclude>
    <ClInclude Include="..\src\session\dispatching_center.h">
      <Filter>session</Filter>
    </ClInclude>
    <ClInclude Include="..\src\session\feed_client.h">
      <Filter>session</Filter>
    </ClInclude>
    <ClInclude Include="..\src\session\feed_connection.h">
      <Filter>session</Filter>
    </ClInclude>
    <ClInclude Include="..\src\session\feed_event_factory.h">
      <Filter>session</Filter>
    </ClInclude>
    <ClInclude Include="..\src\session\feed_scheduler.h">
      <Filter>session</Filter>
    </ClInclude>
    <ClInclude Include="..\src\session\feed_server.h">
      <Filter>session</Filter>
    </ClInclude>
    <ClInclude Include="..\src\session\login_proxy.h">
      <Filter>session</Filter>
    </ClInclude>
    <ClInclude Include="..\src\session\message_publisher.h">
      <Filter>session</Filter>
    </ClInclude>
    <ClInclude Include="..\src\session\subscriber.h">
      <Filter>session</Filter>
    </ClInclude>
    <ClInclude Include="..\src\session\subscriber_group.h">
      <Filter>session</Filter>
    </ClInclude>
    <ClInclude Include="..\src\session\subscriber_manager.h">
      <Filter>session</Filter>
    </ClInclude>
    <ClInclude Include="..\src\session\system_message_handler.h">
      <Filter>session</Filter>
    </ClInclude>
    <ClInclude Include="..\src\session\system_message_processor.h">
      <Filter>session</Filter>
    </ClInclude>
    <ClInclude Include="..\src\session\system_message_processor_center.h">
      <Filter>session</Filter>
    </ClInclude>
    <ClInclude Include="..\src\session\system_message_processor_factory.h">
      <Filter>session</Filter>
    </ClInclude>
    <ClInclude Include="..\src\usermanager\authenticator.h">
      <Filter>usermanager</Filter>
    </ClInclude>
    <ClInclude Include="..\src\usermanager\authorized_product.h">
      <Filter>usermanager</Filter>
    </ClInclude>
    <ClInclude Include="..\src\usermanager\default_authenticator.h">
      <Filter>usermanager</Filter>
    </ClInclude>
    <ClInclude Include="..\src\usermanager\user.h">
      <Filter>usermanager</Filter>
    </ClInclude>
    <ClInclude Include="..\src\usermanager\user_manager.h">
      <Filter>usermanager</Filter>
    </ClInclude>
    <ClInclude Include="..\src\monitor\client_status_collector.h">
      <Filter>protocol\monitor</Filter>
    </ClInclude>
    <ClInclude Include="..\src\monitor\event_listener.h">
      <Filter>protocol\monitor</Filter>
    </ClInclude>
    <ClInclude Include="..\src\monitor\event_pool.h">
      <Filter>protocol\monitor</Filter>
    </ClInclude>
    <ClInclude Include="..\src\monitor\feed_event.h">
      <Filter>protocol\monitor</Filter>
    </ClInclude>
    <ClInclude Include="..\src\monitor\logger.h">
      <Filter>protocol\monitor</Filter>
    </ClInclude>
    <ClInclude Include="..\src\monitor\monitor_adapter.h">
      <Filter>protocol\monitor</Filter>
    </ClInclude>
    <ClInclude Include="..\src\monitor\monitor_state.h">
      <Filter>protocol\monitor</Filter>
    </ClInclude>
    <ClInclude Include="..\src\monitor\product_adapter_listener.h">
      <Filter>protocol\monitor</Filter>
    </ClInclude>
    <ClInclude Include="..\src\monitor\productdata_logger.h">
      <Filter>protocol\monitor</Filter>
    </ClInclude>
    <ClInclude Include="..\src\monitor\transfer_status_collector.h">
      <Filter>protocol\monitor</Filter>
    </ClInclude>
    <ClInclude Include="..\src\product\message_descripter.h">
      <Filter>product</Filter>
    </ClInclude>
    <ClInclude Include="..\src\product\product_descripter.h">
      <Filter>product</Filter>
    </ClInclude>
    <ClInclude Include="..\src\product\product_manager.h">
      <Filter>product</Filter>
    </ClInclude>
    <ClInclude Include="..\src\product\product_source.h">
      <Filter>product</Filter>
    </ClInclude>
    <ClInclude Include="..\src\product\product_source_manager.h">
      <Filter>product</Filter>
    </ClInclude>
    <ClInclude Include="..\src\product\relay_product_adapter_factory.h">
      <Filter>product</Filter>
    </ClInclude>
    <ClInclude Include="..\src\product\version_descripter.h">
      <Filter>product</Filter>
    </ClInclude>
    <ClInclude Include="..\src\product\adapter\adapter_guard.h">
      <Filter>product\adapter\base</Filter>
    </ClInclude>
    <ClInclude Include="..\src\product\adapter\iproduct_adapter.h">
      <Filter>product\adapter\base</Filter>
    </ClInclude>
    <ClInclude Include="..\src\product\adapter\product_adapter.h">
      <Filter>product\adapter\base</Filter>
    </ClInclude>
    <ClInclude Include="..\src\product\adapter\relay_adapter.h">
      <Filter>product\adapter\relay</Filter>
    </ClInclude>
    <ClInclude Include="..\src\product\adapter\simulator_adapter.h">
      <Filter>product\adapter\simulator</Filter>
    </ClInclude>
    <ClInclude Include="..\src\product\adapter\simulator_utils.h">
      <Filter>product\adapter\simulator</Filter>
    </ClInclude>
    <ClInclude Include="..\..\lib\netmodule\atomic_ptr.h">
      <Filter>netmodule</Filter>
    </ClInclude>
    <ClInclude Include="..\..\lib\netmodule\client.h">
      <Filter>netmodule</Filter>
    </ClInclude>
    <ClInclude Include="..\..\lib\netmodule\client_impl.h">
      <Filter>netmodule</Filter>
    </ClInclude>
    <ClInclude Include="..\..\lib\netmodule\conn_manager.h">
      <Filter>netmodule</Filter>
    </ClInclude>
    <ClInclude Include="..\..\lib\netmodule\connection.h">
      <Filter>netmodule</Filter>
    </ClInclude>
    <ClInclude Include="..\..\lib\netmodule\error.h">
      <Filter>netmodule</Filter>
    </ClInclude>
    <ClInclude Include="..\..\lib\netmodule\event_factory.h">
      <Filter>netmodule</Filter>
    </ClInclude>
    <ClInclude Include="..\..\lib\netmodule\io_buffer.h">
      <Filter>netmodule</Filter>
    </ClInclude>
    <ClInclude Include="..\..\lib\netmodule\lock_free_queue.h">
      <Filter>netmodule</Filter>
    </ClInclude>
    <ClInclude Include="..\..\lib\netmodule\message_factory.h">
      <Filter>netmodule</Filter>
    </ClInclude>
    <ClInclude Include="..\..\lib\netmodule\message_id_def.h">
      <Filter>netmodule</Filter>
    </ClInclude>
    <ClInclude Include="..\..\lib\netmodule\net_module.h">
      <Filter>netmodule</Filter>
    </ClInclude>
    <ClInclude Include="..\..\lib\netmodule\pipe.h">
      <Filter>netmodule</Filter>
    </ClInclude>
    <ClInclude Include="..\..\lib\netmodule\queue.h">
      <Filter>netmodule</Filter>
    </ClInclude>
    <ClInclude Include="..\..\lib\netmodule\relay_connection.h">
      <Filter>netmodule</Filter>
    </ClInclude>
    <ClInclude Include="..\..\lib\netmodule\server.h">
      <Filter>netmodule</Filter>
    </ClInclude>
    <ClInclude Include="..\..\lib\netmodule\server_impl.h">
      <Filter>netmodule</Filter>
    </ClInclude>
    <ClInclude Include="..\..\lib\netmodule\service.h">
      <Filter>netmodule</Filter>
    </ClInclude>
    <ClInclude Include="..\..\lib\netmodule\stdint.hpp">
      <Filter>netmodule</Filter>
    </ClInclude>
  </ItemGroup>
  <ItemGroup>
    <None Include="..\src\protocol\wind_fast_template.xml">
      <Filter>protocol</Filter>
    </None>
  </ItemGroup>
</Project>