<?xml version="1.0" encoding="UTF-8" standalone="yes" ?>
<CodeBlocks_project_file>
	<FileVersion major="1" minor="6" />
	<Project>
		<Option title="WMDFAPI" />
		<Option platforms="Unix;" />
		<Option pch_mode="2" />
		<Option compiler="gcc" />
		<Build>
			<Target title="Debug">
				<Option platforms="Unix;" />
				<Option output="../bin_linux/Debug/libfeedapi.a" prefix_auto="0" extension_auto="0" />
				<Option working_dir="" />
				<Option object_output="../bin_linux/Debug/Obj" />
				<Option type="2" />
				<Option compiler="gcc" />
				<Compiler>
					<Add option="-W" />
					<Add option="-g" />
					<Add option="-O0" />
					<Add option="-D_DEBUG" />
					<Add option="-DDLL_EXPORT" />
					<Add option="-D_USRDLL" />
					<Add directory="../../lib/tinyxml" />
					<Add directory="../../lib/netmodule" />
					<Add directory="../../lib/serialization" />
					<Add directory="/usr/local/boost_1_47_0" />
				</Compiler>
				<Linker>
					<Add option="-static" />
					<Add library="boost_thread" />
					<Add library="boost_filesystem" />
					<Add library="boost_system" />
					<Add library="pthread" />
					<Add directory="/usr/local/boost_1_47_0/stage/lib" />
				</Linker>
			</Target>
			<Target title="Release">
				<Option platforms="Unix;" />
				<Option output="../bin_linux/Release/libfeedapi.a" prefix_auto="0" extension_auto="0" />
				<Option working_dir="" />
				<Option object_output="../bin_linux/Release/Obj" />
				<Option type="2" />
				<Option compiler="gcc" />
				<Compiler>
					<Add option="-O2" />
					<Add option="-W" />
					<Add option="-DNDEBUG" />
					<Add option="-D_USRDLL" />
					<Add option="-DDLL_EXPORT" />
					<Add option="-D_RELEASE" />
					<Add directory="../../lib/serialization" />
					<Add directory="../../lib/tinyxml" />
					<Add directory="../../lib/netmodule" />
					<Add directory="/usr/local/boost_1_47_0" />
				</Compiler>
				<Linker>
					<Add option="-static" />
					<Add library="boost_thread" />
					<Add library="boost_filesystem" />
					<Add library="boost_system" />
					<Add library="pthread" />
					<Add directory="/usr/local/boost_1_47_0/stage/lib" />
				</Linker>
			</Target>
			<Target title="Release_x64">
				<Option platforms="Unix;" />
				<Option output="../bin_linux/Release_x64/libfeedapi_x64.a" prefix_auto="0" extension_auto="0" />
				<Option working_dir="" />
				<Option object_output="../bin_linux/Release_x64/Obj" />
				<Option type="2" />
				<Option compiler="gcc" />
				<Compiler>
					<Add option="-O2" />
					<Add option="-W" />
					<Add option="-m64" />
					<Add option="-DNDEBUG" />
					<Add option="-D_USRDLL" />
					<Add option="-DDLL_EXPORT" />
					<Add option="-D_RELEASE" />
					<Add directory="../../lib/serialization" />
					<Add directory="../../lib/tinyxml" />
					<Add directory="../../lib/netmodule" />
					<Add directory="/usr/local/boost_1_47_0" />
				</Compiler>
				<Linker>
					<Add option="-static" />
					<Add library="boost_thread" />
					<Add library="boost_filesystem" />
					<Add library="boost_system" />
					<Add library="pthread" />
					<Add directory="/usr/local/boost_1_47_0/stage/lib" />
				</Linker>
			</Target>
		</Build>
		<Unit filename="../../lib/netmodule/atomic_ptr.h" />
		<Unit filename="../../lib/netmodule/client.cpp" />
		<Unit filename="../../lib/netmodule/client.h" />
		<Unit filename="../../lib/netmodule/client_impl.cpp" />
		<Unit filename="../../lib/netmodule/client_impl.h" />
		<Unit filename="../../lib/netmodule/conn_manager.cpp" />
		<Unit filename="../../lib/netmodule/conn_manager.h" />
		<Unit filename="../../lib/netmodule/connection.cpp" />
		<Unit filename="../../lib/netmodule/connection.h" />
		<Unit filename="../../lib/netmodule/error.h" />
		<Unit filename="../../lib/netmodule/event_factory.h" />
		<Unit filename="../../lib/netmodule/io_buffer.h" />
		<Unit filename="../../lib/netmodule/lock_free_queue.h" />
		<Unit filename="../../lib/netmodule/message_factory.cpp" />
		<Unit filename="../../lib/netmodule/message_factory.h" />
		<Unit filename="../../lib/netmodule/message_id_def.h" />
		<Unit filename="../../lib/netmodule/net_module.cpp" />
		<Unit filename="../../lib/netmodule/net_module.h" />
		<Unit filename="../../lib/netmodule/pipe.h" />
		<Unit filename="../../lib/netmodule/queue.h" />
		<Unit filename="../../lib/netmodule/relay_connection.h" />
		<Unit filename="../../lib/netmodule/server.cpp" />
		<Unit filename="../../lib/netmodule/server.h" />
		<Unit filename="../../lib/netmodule/server_impl.cpp" />
		<Unit filename="../../lib/netmodule/server_impl.h" />
		<Unit filename="../../lib/netmodule/service.h" />
		<Unit filename="../../lib/netmodule/stdint.hpp" />
		<Unit filename="../../lib/serialization/clonable.cpp" />
		<Unit filename="../../lib/serialization/clonable.h" />
		<Unit filename="../../lib/serialization/memento.cpp" />
		<Unit filename="../../lib/serialization/memento.h" />
		<Unit filename="../../lib/serialization/memento_reader.cpp" />
		<Unit filename="../../lib/serialization/memento_reader.h" />
		<Unit filename="../../lib/serialization/memento_writer.cpp" />
		<Unit filename="../../lib/serialization/memento_writer.h" />
		<Unit filename="../../lib/serialization/persistable.cpp" />
		<Unit filename="../../lib/serialization/persistable.h" />
		<Unit filename="../../lib/serialization/serializer.cpp" />
		<Unit filename="../../lib/serialization/serializer.h" />
		<Unit filename="../../lib/tinyxml/tinystr.cpp" />
		<Unit filename="../../lib/tinyxml/tinystr.h" />
		<Unit filename="../../lib/tinyxml/tinyxml.cpp" />
		<Unit filename="../../lib/tinyxml/tinyxml.h" />
		<Unit filename="../../lib/tinyxml/tinyxmlerror.cpp" />
		<Unit filename="../../lib/tinyxml/tinyxmlparser.cpp" />
		<Unit filename="../src/api/api_define.h" />
		<Unit filename="../src/api/api_factory.cpp" />
		<Unit filename="../src/api/api_factory.h" />
		<Unit filename="../src/api/api_version.cpp" />
		<Unit filename="../src/api/api_version.h" />
		<Unit filename="../src/api/wmdf_api.cpp" />
		<Unit filename="../src/api/wmdf_internal_api.cpp" />
		<Unit filename="../src/environment/application_directory.cpp" />
		<Unit filename="../src/environment/application_directory.h" />
		<Unit filename="../src/environment/atomic_counter.h" />
		<Unit filename="../src/environment/atomicops.h" />
		<Unit filename="../src/environment/data_reader.cpp" />
		<Unit filename="../src/environment/data_reader.h" />
		<Unit filename="../src/environment/data_writer.cpp" />
		<Unit filename="../src/environment/data_writer.h" />
		<Unit filename="../src/environment/directory.cpp" />
		<Unit filename="../src/environment/directory.h" />
		<Unit filename="../src/environment/file.cpp" />
		<Unit filename="../src/environment/file.h" />
		<Unit filename="../src/environment/file_seek.cpp" />
		<Unit filename="../src/environment/file_seek.h" />
		<Unit filename="../src/environment/splitter.h" />
		<Unit filename="../src/environment/strutils.cpp" />
		<Unit filename="../src/environment/strutils.h" />
		<Unit filename="../src/environment/utils.cpp" />
		<Unit filename="../src/environment/utils.h" />
		<Unit filename="../src/environment/wmdf_file.cpp" />
		<Unit filename="../src/environment/wmdf_file.h" />
		<Unit filename="../src/include/date_time.h" />
		<Unit filename="../src/include/time.h" />
		<Unit filename="../src/include/wmdf_api.h" />
		<Unit filename="../src/include/wmdf_internal_api.h" />
		<Unit filename="../src/include/wmdf_structs.h" />
		<Unit filename="../src/monitor/imonitor_event_collector.cpp" />
		<Unit filename="../src/monitor/imonitor_event_collector.h" />
		<Unit filename="../src/monitor/logger.cpp" />
		<Unit filename="../src/monitor/logger.h" />
		<Unit filename="../src/product/message_descripter.cpp" />
		<Unit filename="../src/product/message_descripter.h" />
		<Unit filename="../src/product/product_descripter.cpp" />
		<Unit filename="../src/product/product_descripter.h" />
		<Unit filename="../src/product/product_manager.cpp" />
		<Unit filename="../src/product/product_manager.h" />
		<Unit filename="../src/product/product_source.cpp" />
		<Unit filename="../src/product/product_source.h" />
		<Unit filename="../src/product/version_descripter.cpp" />
		<Unit filename="../src/product/version_descripter.h" />
		<Unit filename="../src/protocol/binary_codec.cpp" />
		<Unit filename="../src/protocol/binary_codec.h" />
		<Unit filename="../src/protocol/binary_codec_1_1_shl2_market_data.cpp" />
		<Unit filename="../src/protocol/binary_codec_1_1_shl2_market_data.h" />
		<Unit filename="../src/protocol/binary_codec_cffel1_market_data.cpp" />
		<Unit filename="../src/protocol/binary_codec_cffel1_market_data.h" />
		<Unit filename="../src/protocol/binary_codec_cffel2_1_1_market_data.cpp" />
		<Unit filename="../src/protocol/binary_codec_cffel2_1_1_market_data.h" />
		<Unit filename="../src/protocol/binary_codec_cffel2_market_data.cpp" />
		<Unit filename="../src/protocol/binary_codec_cffel2_market_data.h" />
		<Unit filename="../src/protocol/binary_codec_client_status.cpp" />
		<Unit filename="../src/protocol/binary_codec_client_status.h" />
		<Unit filename="../src/protocol/binary_codec_config_info.cpp" />
		<Unit filename="../src/protocol/binary_codec_config_info.h" />
		<Unit filename="../src/protocol/binary_codec_config_info_request.cpp" />
		<Unit filename="../src/protocol/binary_codec_config_info_request.h" />
		<Unit filename="../src/protocol/binary_codec_date_signal.cpp" />
		<Unit filename="../src/protocol/binary_codec_date_signal.h" />
		<Unit filename="../src/protocol/binary_codec_futurel1_market_data.cpp" />
		<Unit filename="../src/protocol/binary_codec_futurel1_market_data.h" />
		<Unit filename="../src/protocol/binary_codec_heart_beat.cpp" />
		<Unit filename="../src/protocol/binary_codec_heart_beat.h" />
		<Unit filename="../src/protocol/binary_codec_index_market_data.cpp" />
		<Unit filename="../src/protocol/binary_codec_index_market_data.h" />
		<Unit filename="../src/protocol/binary_codec_login_request.cpp" />
		<Unit filename="../src/protocol/binary_codec_login_request.h" />
		<Unit filename="../src/protocol/binary_codec_login_response.cpp" />
		<Unit filename="../src/protocol/binary_codec_login_response.h" />
		<Unit filename="../src/protocol/binary_codec_logout.cpp" />
		<Unit filename="../src/protocol/binary_codec_logout.h" />
		<Unit filename="../src/protocol/binary_codec_monitor_event.cpp" />
		<Unit filename="../src/protocol/binary_codec_monitor_event.h" />
		<Unit filename="../src/protocol/binary_codec_shl2_market_data.cpp" />
		<Unit filename="../src/protocol/binary_codec_shl2_market_data.h" />
		<Unit filename="../src/protocol/binary_codec_shl2_order_queue.cpp" />
		<Unit filename="../src/protocol/binary_codec_shl2_order_queue.h" />
		<Unit filename="../src/protocol/binary_codec_shl2_trans.cpp" />
		<Unit filename="../src/protocol/binary_codec_shl2_trans.h" />
		<Unit filename="../src/protocol/binary_codec_shszl1_market_data.cpp" />
		<Unit filename="../src/protocol/binary_codec_shszl1_market_data.h" />
		<Unit filename="../src/protocol/binary_codec_szl2_orders.cpp" />
		<Unit filename="../src/protocol/binary_codec_szl2_orders.h" />
		<Unit filename="../src/protocol/binary_codec_transfer_stat.cpp" />
		<Unit filename="../src/protocol/binary_codec_transfer_stat.h" />
		<Unit filename="../src/protocol/binary_message_codec.h" />
		<Unit filename="../src/protocol/codec_buffer.cpp" />
		<Unit filename="../src/protocol/codec_buffer.h" />
		<Unit filename="../src/protocol/fast_codec.h" />
		<Unit filename="../src/protocol/fast_codec_1_1_shl2_market_data.cpp" />
		<Unit filename="../src/protocol/fast_codec_1_1_shl2_market_data.h" />
		<Unit filename="../src/protocol/fast_codec_1_1_szl2_market_data.cpp" />
		<Unit filename="../src/protocol/fast_codec_1_1_szl2_market_data.h" />
		<Unit filename="../src/protocol/fast_codec_cffel1_market_data.cpp" />
		<Unit filename="../src/protocol/fast_codec_cffel1_market_data.h" />
		<Unit filename="../src/protocol/fast_codec_cffel2_1_1_market_data.cpp" />
		<Unit filename="../src/protocol/fast_codec_cffel2_1_1_market_data.h" />
		<Unit filename="../src/protocol/fast_codec_cffel2_market_data.cpp" />
		<Unit filename="../src/protocol/fast_codec_cffel2_market_data.h" />
		<Unit filename="../src/protocol/fast_codec_czcel1_market_data.cpp" />
		<Unit filename="../src/protocol/fast_codec_czcel1_market_data.h" />
		<Unit filename="../src/protocol/fast_codec_dcel1_market_data.cpp" />
		<Unit filename="../src/protocol/fast_codec_dcel1_market_data.h" />
		<Unit filename="../src/protocol/fast_codec_futurel1_market_data.cpp" />
		<Unit filename="../src/protocol/fast_codec_futurel1_market_data.h" />
		<Unit filename="../src/protocol/fast_codec_index_market_data.cpp" />
		<Unit filename="../src/protocol/fast_codec_index_market_data.h" />
		<Unit filename="../src/protocol/fast_codec_shfel1_market_data.cpp" />
		<Unit filename="../src/protocol/fast_codec_shfel1_market_data.h" />
		<Unit filename="../src/protocol/fast_codec_shl2_market_data.cpp" />
		<Unit filename="../src/protocol/fast_codec_shl2_market_data.h" />
		<Unit filename="../src/protocol/fast_codec_shl2_order_queue.cpp" />
		<Unit filename="../src/protocol/fast_codec_shl2_order_queue.h" />
		<Unit filename="../src/protocol/fast_codec_shl2_trans.cpp" />
		<Unit filename="../src/protocol/fast_codec_shl2_trans.h" />
		<Unit filename="../src/protocol/fast_codec_shszl1_market_data.cpp" />
		<Unit filename="../src/protocol/fast_codec_shszl1_market_data.h" />
		<Unit filename="../src/protocol/fast_codec_szl2_market_data.cpp" />
		<Unit filename="../src/protocol/fast_codec_szl2_market_data.h" />
		<Unit filename="../src/protocol/fast_codec_szl2_orders.cpp" />
		<Unit filename="../src/protocol/fast_codec_szl2_orders.h" />
		<Unit filename="../src/protocol/fast_codec_szl2_trans.cpp" />
		<Unit filename="../src/protocol/fast_codec_szl2_trans.h" />
		<Unit filename="../src/protocol/fast_message_codec.cpp" />
		<Unit filename="../src/protocol/fast_message_codec.h" />
		<Unit filename="../src/protocol/header_codec.h" />
		<Unit filename="../src/protocol/market_header_codec.cpp" />
		<Unit filename="../src/protocol/market_header_codec.h" />
		<Unit filename="../src/protocol/mdf_message.cpp" />
		<Unit filename="../src/protocol/mdf_message.h" />
		<Unit filename="../src/protocol/message_codec.h" />
		<Unit filename="../src/protocol/monitor_header_codec.cpp" />
		<Unit filename="../src/protocol/monitor_header_codec.h" />
		<Unit filename="../src/protocol/protocol_description.cpp" />
		<Unit filename="../src/protocol/protocol_description.h" />
		<Unit filename="../src/protocol/protocol_processor.cpp" />
		<Unit filename="../src/protocol/protocol_processor.h" />
		<Unit filename="../src/protocol/protocol_processor_controller.cpp" />
		<Unit filename="../src/protocol/protocol_processor_controller.h" />
		<Unit filename="../src/protocol/protocol_processor_factory.cpp" />
		<Unit filename="../src/protocol/protocol_processor_factory.h" />
		<Unit filename="../src/protocol/system_header_codec.cpp" />
		<Unit filename="../src/protocol/system_header_codec.h" />
		<Unit filename="../src/session/config_modify_proxy.cpp" />
		<Unit filename="../src/session/config_modify_proxy.h" />
		<Unit filename="../src/session/config_request_proxy.cpp" />
		<Unit filename="../src/session/config_request_proxy.h" />
		<Unit filename="../src/session/feed_client.cpp" />
		<Unit filename="../src/session/feed_client.h" />
		<Unit filename="../src/session/feed_connection.cpp" />
		<Unit filename="../src/session/feed_connection.h" />
		<Unit filename="../src/session/login_proxy.cpp" />
		<Unit filename="../src/session/login_proxy.h" />
		<Extensions>
			<code_completion />
			<debugger />
		</Extensions>
	</Project>
</CodeBlocks_project_file>
