<?xml version="1.0" encoding="UTF-8" standalone="yes" ?>
<CodeBlocks_project_file>
	<FileVersion major="1" minor="6" />
	<Project>
		<Option title="WMDFStudio" />
		<Option pch_mode="2" />
		<Option compiler="gcc" />
		<Build>
			<Target title="Debug Win32">
				<Option output="../bin/Debug/WMDFStudioD" prefix_auto="1" extension_auto="1" />
				<Option object_output="../bin/Debug/Obj" />
				<Option type="0" />
				<Option compiler="gcc" />
				<Compiler>
					<Add option="-DWIN32" />
					<Add option="-D_DEBUG" />
					<Add option="-D_WINDOWS" />
					<Add option="-W" />
					<Add option="-g" />
					<Add option="-O0" />
					<Add directory="../../lib/boost/include/boost-1_46" />
					<Add directory="../../lib/serialization" />
					<Add directory="../../lib/tinyxml" />
					<Add directory="../../lib/netmodule" />
				</Compiler>
				<ResourceCompiler>
					<Add directory="../../lib/boost/include/boost-1_46" />
					<Add directory="../../lib/serialization" />
					<Add directory="../../lib/tinyxml" />
					<Add directory="../../lib/netmodule" />
				</ResourceCompiler>
				<Linker>
					<Add library="libboost_thread-vc90-mt-gd" />
					<Add library="libboost_system-vc90-mt-gd" />
					<Add library="libboost_filesystem-vc90-mt-gd" />
					<Add directory="../../lib/boost/lib" />
				</Linker>
			</Target>
			<Target title="Debug x64">
				<Option output="Linux/Debug x64/WMDFStudioD" prefix_auto="1" extension_auto="1" />
				<Option object_output="Linux/Debug x64" />
				<Option type="0" />
				<Option compiler="gcc" />
				<Compiler>
					<Add option="-DWIN32" />
					<Add option="-D_DEBUG" />
					<Add option="-D_WINDOWS" />
					<Add option="-W" />
					<Add option="-O0" />
					<Add directory="../../lib/boost/include/boost-1_46" />
					<Add directory="../../lib/serialization" />
					<Add directory="../../lib/tinyxml" />
					<Add directory="../../lib/netmodule" />
				</Compiler>
				<ResourceCompiler>
					<Add directory="../../lib/boost/include/boost-1_46" />
					<Add directory="../../lib/serialization" />
					<Add directory="../../lib/tinyxml" />
					<Add directory="../../lib/netmodule" />
				</ResourceCompiler>
				<Linker>
					<Add library="libboost_thread-vc90-mt-gd" />
					<Add library="libboost_system-vc90-mt-gd" />
					<Add library="libboost_filesystem-vc90-mt-gd" />
					<Add directory="../../lib/boost/lib" />
				</Linker>
			</Target>
			<Target title="Release Win32">
				<Option output="../bin/Release/WMDFStudio" prefix_auto="1" extension_auto="1" />
				<Option object_output="../bin/Release/Obj" />
				<Option type="0" />
				<Option compiler="gcc" />
				<Compiler>
					<Add option="-DWIN32" />
					<Add option="-DNDEBUG" />
					<Add option="-D_WINDOWS" />
					<Add option="-W" />
					<Add option="-O2" />
					<Add directory="../../lib/boost/include/boost-1_46" />
					<Add directory="../../lib/serialization" />
					<Add directory="../../lib/tinyxml" />
					<Add directory="../../lib/netmodule" />
				</Compiler>
				<ResourceCompiler>
					<Add directory="../../lib/boost/include/boost-1_46" />
					<Add directory="../../lib/serialization" />
					<Add directory="../../lib/tinyxml" />
					<Add directory="../../lib/netmodule" />
				</ResourceCompiler>
				<Linker>
					<Add library="libboost_thread-vc90-mt" />
					<Add library="libboost_system-vc90-mt" />
					<Add library="libboost_filesystem-vc90-mt" />
					<Add directory="../../lib/boost/lib" />
				</Linker>
			</Target>
			<Target title="Release x64">
				<Option output="Linux/Release x64/WMDFStudio" prefix_auto="1" extension_auto="1" />
				<Option object_output="Linux/Release x64" />
				<Option type="0" />
				<Option compiler="gcc" />
				<Compiler>
					<Add option="-DWIN32" />
					<Add option="-DNDEBUG" />
					<Add option="-D_WINDOWS" />
					<Add option="-W" />
					<Add option="-O2" />
					<Add directory="../../lib/boost/include/boost-1_46" />
					<Add directory="../../lib/serialization" />
					<Add directory="../../lib/tinyxml" />
					<Add directory="../../lib/netmodule" />
				</Compiler>
				<ResourceCompiler>
					<Add directory="../../lib/boost/include/boost-1_46" />
					<Add directory="../../lib/serialization" />
					<Add directory="../../lib/tinyxml" />
					<Add directory="../../lib/netmodule" />
				</ResourceCompiler>
				<Linker>
					<Add library="libboost_thread-vc90-mt-gd" />
					<Add library="libboost_system-vc90-mt-gd" />
					<Add library="libboost_filesystem-vc90-mt-gd" />
					<Add directory="../../lib/boost/lib" />
				</Linker>
			</Target>
		</Build>
		<Unit filename="../src/usermanager/authenticator.cpp" />
		<Unit filename="../src/usermanager/authenticator.h" />
		<Unit filename="../src/usermanager/authorized_product.cpp" />
		<Unit filename="../src/usermanager/authorized_product.h" />
		<Unit filename="../src/usermanager/default_authenticator.cpp" />
		<Unit filename="../src/usermanager/default_authenticator.h" />
		<Unit filename="../src/usermanager/user.cpp" />
		<Unit filename="../src/usermanager/user.h" />
		<Unit filename="../src/usermanager/user_manager.cpp" />
		<Unit filename="../src/usermanager/user_manager.h" />
		<Unit filename="../../lib/tinyxml/tinystr.cpp" />
		<Unit filename="../../lib/tinyxml/tinystr.h" />
		<Unit filename="../../lib/tinyxml/tinyxml.cpp" />
		<Unit filename="../../lib/tinyxml/tinyxml.h" />
		<Unit filename="../../lib/tinyxml/tinyxmlerror.cpp" />
		<Unit filename="../../lib/tinyxml/tinyxmlparser.cpp" />
		<Unit filename="../src/studio/main_frame/res/1.bmp" />
		<Unit filename="../src/studio/main_frame/res/2.bmp" />
		<Unit filename="../src/studio/main_frame/res/3.bmp" />
		<Unit filename="../src/studio/main_frame/res/4.bmp" />
		<Unit filename="../src/studio/main_frame/res/BackGround.bmp" />
		<Unit filename="../src/studio/main_frame/res/BITMAPAUDVIEW.bmp" />
		<Unit filename="../src/studio/main_frame/res/bmp00001.bmp" />
		<Unit filename="../src/studio/main_frame/res/BottomBand.bmp" />
		<Unit filename="../src/studio/main_frame/res/cancle.bmp" />
		<Unit filename="../src/studio/main_frame/res/canlelbig.bmp" />
		<Unit filename="../src/studio/main_frame/res/closebtn.bmp" />
		<Unit filename="../src/studio/main_frame/res/closehotbutton.bmp" />
		<Unit filename="../src/studio/main_frame/res/HELP.bmp" />
		<Unit filename="../src/studio/main_frame/res/input.bmp" />
		<Unit filename="../src/studio/main_frame/res/inputviewuser.bmp" />
		<Unit filename="../src/studio/main_frame/res/LEDOFF.bmp" />
		<Unit filename="../src/studio/main_frame/res/LEDON.bmp" />
		<Unit filename="../src/studio/main_frame/res/LeftBand.bmp" />
		<Unit filename="../src/studio/main_frame/res/LeftTitle.bmp" />
		<Unit filename="../src/studio/main_frame/res/Log.ico" />
		<Unit filename="../src/studio/main_frame/res/madecert.bmp" />
		<Unit filename="../src/studio/main_frame/res/maxbutton.bmp" />
		<Unit filename="../src/studio/main_frame/res/maxhotbutton.bmp" />
		<Unit filename="../src/studio/main_frame/res/MidTitle.bmp" />
		<Unit filename="../src/studio/main_frame/res/minbutton.bmp" />
		<Unit filename="../src/studio/main_frame/res/minhotbutton.bmp" />
		<Unit filename="../src/studio/main_frame/res/NO.bmp" />
		<Unit filename="../src/studio/main_frame/res/ok.bmp" />
		<Unit filename="../src/studio/main_frame/res/pass.bmp" />
		<Unit filename="../src/studio/main_frame/res/printok.bmp" />
		<Unit filename="../src/studio/main_frame/res/RightBand.bmp" />
		<Unit filename="../src/studio/main_frame/res/RightTitle.bmp" />
		<Unit filename="../src/studio/main_frame/res/Test_log.bmp" />
		<Unit filename="../src/studio/main_frame/res/Test_monitor_user.bmp" />
		<Unit filename="../src/studio/main_frame/res/Test_overall.bmp" />
		<Unit filename="../src/studio/main_frame/res/Test_Product.bmp" />
		<Unit filename="../src/studio/main_frame/res/Test_reference_apiandproduct_ssel1_snapshot.bmp" />
		<Unit filename="../src/studio/main_frame/res/Test_reference_product.bmp" />
		<Unit filename="../src/studio/main_frame/res/Test_Securities.bmp" />
		<Unit filename="../src/studio/main_frame/res/Toolbar.bmp" />
		<Unit filename="../src/studio/main_frame/res/treeCtrlIco.bmp" />
		<Unit filename="../src/studio/main_frame/res/view.bmp" />
		<Unit filename="../src/studio/main_frame/res/viewmade.bmp" />
		<Unit filename="../src/studio/main_frame/res/WMDF_Studio.ico" />
		<Unit filename="../src/studio/main_frame/res/WMDF_Studio.rc2" />
		<Unit filename="../src/session/dispatching_center.cpp" />
		<Unit filename="../src/session/dispatching_center.h" />
		<Unit filename="../src/session/feed_client.cpp" />
		<Unit filename="../src/session/feed_client.h" />
		<Unit filename="../src/session/feed_connection.cpp" />
		<Unit filename="../src/session/feed_connection.h" />
		<Unit filename="../src/session/feed_scheduler.cpp" />
		<Unit filename="../src/session/feed_scheduler.h" />
		<Unit filename="../src/session/feed_server.cpp" />
		<Unit filename="../src/session/feed_server.h" />
		<Unit filename="../src/session/message_publisher.cpp" />
		<Unit filename="../src/session/message_publisher.h" />
		<Unit filename="../src/session/subscriber.cpp" />
		<Unit filename="../src/session/subscriber.h" />
		<Unit filename="../src/session/subscriber_group.cpp" />
		<Unit filename="../src/session/subscriber_group.h" />
		<Unit filename="../src/session/subscriber_manager.cpp" />
		<Unit filename="../src/session/subscriber_manager.h" />
		<Unit filename="../src/session/system_message_handler.cpp" />
		<Unit filename="../src/session/system_message_handler.h" />
		<Unit filename="../src/session/system_message_processor.cpp" />
		<Unit filename="../src/session/system_message_processor.h" />
		<Unit filename="../src/session/system_message_processor_center.cpp" />
		<Unit filename="../src/session/system_message_processor_center.h" />
		<Unit filename="../src/session/system_message_processor_factory.cpp" />
		<Unit filename="../src/session/system_message_processor_factory.h" />
		<Unit filename="../../lib/serialization/clonable.cpp" />
		<Unit filename="../../lib/serialization/clonable.h" />
		<Unit filename="../../lib/serialization/data_reader.cpp" />
		<Unit filename="../../lib/serialization/data_reader.h" />
		<Unit filename="../../lib/serialization/data_writer.cpp" />
		<Unit filename="../../lib/serialization/data_writer.h" />
		<Unit filename="../../lib/serialization/file_seek.cpp" />
		<Unit filename="../../lib/serialization/file_seek.h" />
		<Unit filename="../../lib/serialization/memento.cpp" />
		<Unit filename="../../lib/serialization/memento.h" />
		<Unit filename="../../lib/serialization/memento_reader.cpp" />
		<Unit filename="../../lib/serialization/memento_reader.h" />
		<Unit filename="../../lib/serialization/memento_writer.cpp" />
		<Unit filename="../../lib/serialization/memento_writer.h" />
		<Unit filename="../../lib/serialization/persistable.cpp" />
		<Unit filename="../../lib/serialization/persistable.h" />
		<Unit filename="../../lib/serialization/serializer.cpp" />
		<Unit filename="../../lib/serialization/serializer.h" />
		<Unit filename="../../lib/serialization/wmdf_file.cpp" />
		<Unit filename="../../lib/serialization/wmdf_file.h" />
		<Unit filename="../src/studio/common/ReportListCtrl.cpp" />
		<Unit filename="../src/studio/common/ReportListCtrl.h" />
		<Unit filename="../src/studio/common/CheckBoxAutoCheckTreeCtrl.cpp" />
		<Unit filename="../src/studio/common/CheckBoxAutoCheckTreeCtrl.h" />
		<Unit filename="../src/studio/common/CheckBoxTreeCtrl.cpp" />
		<Unit filename="../src/studio/common/CheckBoxTreeCtrl.h" />
		<Unit filename="../src/studio/common/ExpandTreeCtrl.cpp" />
		<Unit filename="../src/studio/common/ExpandTreeCtrl.h" />
		<Unit filename="../src/studio/common/AddOrModifyDialog.cpp" />
		<Unit filename="../src/studio/common/AddOrModifyDialog.h" />
		<Unit filename="../src/studio/common/BeautifulDialog.cpp" />
		<Unit filename="../src/studio/common/BeautifulDialog.h" />
		<Unit filename="../src/studio/common/UserSerachDlg.cpp" />
		<Unit filename="../src/studio/common/UserSerachDlg.h" />
		<Unit filename="../src/studio/common/BeautifulButton.cpp" />
		<Unit filename="../src/studio/common/BeautifulButton.h" />
		<Unit filename="../src/studio/common/FlashEdit.cpp" />
		<Unit filename="../src/studio/common/FlashEdit.h" />
		<Unit filename="../src/studio/common/UIDateTime.cpp" />
		<Unit filename="../src/studio/common/UIDateTime.h" />
		<Unit filename="../src/studio/common/UIUilties.cpp" />
		<Unit filename="../src/studio/common/UIUilties.h" />
		<Unit filename="../src/studio/common/ValueTranslation.cpp" />
		<Unit filename="../src/studio/common/ValueTranslation.h" />
		<Unit filename="../src/studio/common/WordTranslation.cpp" />
		<Unit filename="../src/studio/common/WordTranslation.h" />
		<Unit filename="../src/studio/main_frame/ChildFrm.cpp" />
		<Unit filename="../src/studio/main_frame/ChildFrm.h" />
		<Unit filename="../src/studio/main_frame/MainFrm.cpp" />
		<Unit filename="../src/studio/main_frame/MainFrm.h" />
		<Unit filename="../src/studio/main_frame/Resource.h" />
		<Unit filename="../src/studio/main_frame/StdAfx.cpp" />
		<Unit filename="../src/studio/main_frame/StdAfx.h" />
		<Unit filename="../src/studio/main_frame/targetver.h" />
		<Unit filename="../src/studio/main_frame/WMDF_Studio.cpp" />
		<Unit filename="../src/studio/main_frame/WMDF_Studio.h" />
		<Unit filename="../src/studio/main_frame/WMDF_Studio.rc" />
		<Unit filename="../src/studio/main_frame/res/Thumbs.db" />
		<Unit filename="../src/studio/login/LoginDlg.cpp" />
		<Unit filename="../src/studio/login/LoginDlg.h" />
		<Unit filename="../src/studio/management_customer/ManageClientDialog.cpp" />
		<Unit filename="../src/studio/management_customer/ManageClientDialog.h" />
		<Unit filename="../src/studio/management_customer/ManageClientListCtrl.cpp" />
		<Unit filename="../src/studio/management_customer/ManageClientListCtrl.h" />
		<Unit filename="../src/studio/management_customer/ManageCustomerTreeCtrl.cpp" />
		<Unit filename="../src/studio/management_customer/ManageCustomerTreeCtrl.h" />
		<Unit filename="../src/studio/management_customer/UserAddDlg.cpp" />
		<Unit filename="../src/studio/management_customer/UserAddDlg.h" />
		<Unit filename="../src/studio/management_customer/UserAddProductDeadlineDlg.cpp" />
		<Unit filename="../src/studio/management_customer/UserAddProductDeadlineDlg.h" />
		<Unit filename="../src/studio/management_customer/UserDeleteDlg.cpp" />
		<Unit filename="../src/studio/management_customer/UserDeleteDlg.h" />
		<Unit filename="../src/studio/management_customer/UserModifyDlg.cpp" />
		<Unit filename="../src/studio/management_customer/UserModifyDlg.h" />
		<Unit filename="../src/studio/monitor_overall/MonitorOverallView.cpp" />
		<Unit filename="../src/studio/monitor_overall/MonitorOverallView.h" />
		<Unit filename="../src/studio/monitor_product/MonitorProductView.cpp" />
		<Unit filename="../src/studio/monitor_product/MonitorProductView.h" />
		<Unit filename="../src/studio/monitor_securities/MonitorSecuritiesView.cpp" />
		<Unit filename="../src/studio/monitor_securities/MonitorSecuritiesView.h" />
		<Unit filename="../src/studio/monitor_log/MonitorLogView.cpp" />
		<Unit filename="../src/studio/monitor_log/MonitorLogView.h" />
		<Unit filename="../src/studio/monitor_user/MonitorUserView.cpp" />
		<Unit filename="../src/studio/monitor_user/MonitorUserView.h" />
		<Unit filename="../src/studio/reference_product/ReferenceProductView.cpp" />
		<Unit filename="../src/studio/reference_product/ReferenceProductView.h" />
		<Unit filename="../src/studio/management_product_source/ManageProductSourceAddorModifyBackupSourceDialog.cpp" />
		<Unit filename="../src/studio/management_product_source/ManageProductSourceAddorModifyBackupSourceDialog.h" />
		<Unit filename="../src/studio/management_product_source/ManageProductSourceAddorModifyMarketTimeDialog.cpp" />
		<Unit filename="../src/studio/management_product_source/ManageProductSourceAddorModifyMarketTimeDialog.h" />
		<Unit filename="../src/studio/management_product_source/ManageProductSourceAddorModifyProductSourceDialog.cpp" />
		<Unit filename="../src/studio/management_product_source/ManageProductSourceAddorModifyProductSourceDialog.h" />
		<Unit filename="../src/studio/management_product_source/ManageProductSourceAddorModifySubscribedProductDialog.cpp" />
		<Unit filename="../src/studio/management_product_source/ManageProductSourceAddorModifySubscribedProductDialog.h" />
		<Unit filename="../src/studio/management_product_source/ManageProductSourceDialog.cpp" />
		<Unit filename="../src/studio/management_product_source/ManageProductSourceDialog.h" />
		<Unit filename="../src/studio/management_product_source/ManageProductSourceSelectDialog.cpp" />
		<Unit filename="../src/studio/management_product_source/ManageProductSourceSelectDialog.h" />
		<Unit filename="../src/studio/management_system_config/ManagementSystemConfighDlg.cpp" />
		<Unit filename="../src/studio/management_system_config/ManagementSystemConfighDlg.h" />
		<Unit filename="../src/studio/management_product/ManageProductAddMessageDescripterDialog.cpp" />
		<Unit filename="../src/studio/management_product/ManageProductAddMessageDescripterDialog.h" />
		<Unit filename="../src/studio/management_product/ManageProductAddProductDescripterDialog.cpp" />
		<Unit filename="../src/studio/management_product/ManageProductAddProductDescripterDialog.h" />
		<Unit filename="../src/studio/management_product/ManageProductAddVersionDescripterDialog.cpp" />
		<Unit filename="../src/studio/management_product/ManageProductAddVersionDescripterDialog.h" />
		<Unit filename="../src/studio/management_product/ManageProductDialog.cpp" />
		<Unit filename="../src/studio/management_product/ManageProductDialog.h" />
		<Unit filename="../src/studio/monitor_data/base_data_picker.cpp" />
		<Unit filename="../src/studio/monitor_data/base_data_picker.h" />
		<Unit filename="../src/studio/monitor_data/data_dispatcher.cpp" />
		<Unit filename="../src/studio/monitor_data/data_dispatcher.h" />
		<Unit filename="../src/studio/monitor_data/data_listener.cpp" />
		<Unit filename="../src/studio/monitor_data/data_listener.h" />
		<Unit filename="../src/studio/monitor_data/data_replay_manager.cpp" />
		<Unit filename="../src/studio/monitor_data/data_replay_manager.h" />
		<Unit filename="../src/studio/monitor_data/listener_manager.cpp" />
		<Unit filename="../src/studio/monitor_data/listener_manager.h" />
		<Unit filename="../src/studio/monitor_data/live_data_picker.cpp" />
		<Unit filename="../src/studio/monitor_data/live_data_picker.h" />
		<Unit filename="../src/studio/monitor_data/mdf_message_buffer.h" />
		<Unit filename="../src/studio/monitor_data/MonitorDataDialog.cpp" />
		<Unit filename="../src/studio/monitor_data/MonitorDataDialog.h" />
		<Unit filename="../src/studio/monitor_data/replay_environment.cpp" />
		<Unit filename="../src/studio/monitor_data/replay_environment.h" />
		<Unit filename="../src/studio/monitor_data/replay_file_reader.cpp" />
		<Unit filename="../src/studio/monitor_data/replay_file_reader.h" />
		<Unit filename="../src/studio/monitor_data/replay_info.cpp" />
		<Unit filename="../src/studio/monitor_data/replay_info.h" />
		<Unit filename="../src/studio/view_product_data/factory/ViewAllProductDialogFactory.cpp" />
		<Unit filename="../src/studio/view_product_data/factory/ViewAllProductDialogFactory.h" />
		<Unit filename="../src/studio/view_product_data/factory/ViewMarketSnapshotCFFEL1ProductDialogFactory.cpp" />
		<Unit filename="../src/studio/view_product_data/factory/ViewMarketSnapshotCFFEL1ProductDialogFactory.h" />
		<Unit filename="../src/studio/view_product_data/factory/ViewMarketSnapshotCFFEL2ProductDialogFactory.cpp" />
		<Unit filename="../src/studio/view_product_data/factory/ViewMarketSnapshotCFFEL2ProductDialogFactory.h" />
		<Unit filename="../src/studio/view_product_data/factory/ViewMarketSnapshotCZCEL1ProductDialogFactory.cpp" />
		<Unit filename="../src/studio/view_product_data/factory/ViewMarketSnapshotCZCEL1ProductDialogFactory.h" />
		<Unit filename="../src/studio/view_product_data/factory/ViewMarketSnapshotDCEL1ProductDialogFactory.cpp" />
		<Unit filename="../src/studio/view_product_data/factory/ViewMarketSnapshotDCEL1ProductDialogFactory.h" />
		<Unit filename="../src/studio/view_product_data/factory/ViewMarketSnapshotSHFEL1ProductDialogFactory.cpp" />
		<Unit filename="../src/studio/view_product_data/factory/ViewMarketSnapshotSHFEL1ProductDialogFactory.h" />
		<Unit filename="../src/studio/view_product_data/factory/ViewProductDialogFactory.cpp" />
		<Unit filename="../src/studio/view_product_data/factory/ViewProductDialogFactory.h" />
		<Unit filename="../src/studio/view_product_data/factory/ViewSHL1MarketSnapShotProductDialogFactory.cpp" />
		<Unit filename="../src/studio/view_product_data/factory/ViewSHL1MarketSnapShotProductDialogFactory.h" />
		<Unit filename="../src/studio/view_product_data/factory/ViewSHL2MarketSnapShotProductDialogFactory.cpp" />
		<Unit filename="../src/studio/view_product_data/factory/ViewSHL2MarketSnapShotProductDialogFactory.h" />
		<Unit filename="../src/studio/view_product_data/factory/ViewSHL2OrderQueueProductDialogFactory.cpp" />
		<Unit filename="../src/studio/view_product_data/factory/ViewSHL2OrderQueueProductDialogFactory.h" />
		<Unit filename="../src/studio/view_product_data/factory/ViewSHL2TransactionsProductDialogFactory.cpp" />
		<Unit filename="../src/studio/view_product_data/factory/ViewSHL2TransactionsProductDialogFactory.h" />
		<Unit filename="../src/studio/view_product_data/factory/ViewSingleSecuritiesDialogFactory.cpp" />
		<Unit filename="../src/studio/view_product_data/factory/ViewSingleSecuritiesDialogFactory.h" />
		<Unit filename="../src/studio/view_product_data/factory/ViewSZL1MarketSnapShotProductDialogFactory.cpp" />
		<Unit filename="../src/studio/view_product_data/factory/ViewSZL1MarketSnapShotProductDialogFactory.h" />
		<Unit filename="../src/studio/view_product_data/factory/ViewSZL2MarketSnapShotProductDialogFactory.cpp" />
		<Unit filename="../src/studio/view_product_data/factory/ViewSZL2MarketSnapShotProductDialogFactory.h" />
		<Unit filename="../src/studio/view_product_data/factory/ViewSZL2OrderQueueProductDialogFactory.cpp" />
		<Unit filename="../src/studio/view_product_data/factory/ViewSZL2OrderQueueProductDialogFactory.h" />
		<Unit filename="../src/studio/view_product_data/factory/ViewSZL2OrdersProductDialogFactory.cpp" />
		<Unit filename="../src/studio/view_product_data/factory/ViewSZL2OrdersProductDialogFactory.h" />
		<Unit filename="../src/studio/view_product_data/factory/ViewSZL2TransactionsProductDialogFactory.cpp" />
		<Unit filename="../src/studio/view_product_data/factory/ViewSZL2TransactionsProductDialogFactory.h" />
		<Unit filename="../src/studio/view_product_data/product_dialog/ViewProductDataDialog.cpp" />
		<Unit filename="../src/studio/view_product_data/product_dialog/ViewProductDataDialog.h" />
		<Unit filename="../src/studio/view_product_data/product_dialog/ViewSingleSecuritiesDialog.cpp" />
		<Unit filename="../src/studio/view_product_data/product_dialog/ViewSingleSecuritiesDialog.h" />
		<Unit filename="../src/studio/view_product_data/product_dialog/ViewAllProductDataDialog.cpp" />
		<Unit filename="../src/studio/view_product_data/product_dialog/ViewAllProductDataDialog.h" />
		<Unit filename="../src/studio/view_product_data/product_dialog/ViewSingleProductDataDialog.cpp" />
		<Unit filename="../src/studio/view_product_data/product_dialog/ViewSingleProductDataDialog.h" />
		<Unit filename="../src/studio/view_product_data/product_dialog/ViewOrderQueueL2Dialog.cpp" />
		<Unit filename="../src/studio/view_product_data/product_dialog/ViewOrderQueueL2Dialog.h" />
		<Unit filename="../src/studio/view_product_data/product_dialog/ViewSHL2OrderQueueProductDialog.cpp" />
		<Unit filename="../src/studio/view_product_data/product_dialog/ViewSHL2OrderQueueProductDialog.h" />
		<Unit filename="../src/studio/view_product_data/product_dialog/ViewSZL2OrderQueueProductDialog.cpp" />
		<Unit filename="../src/studio/view_product_data/product_dialog/ViewSZL2OrderQueueProductDialog.h" />
		<Unit filename="../src/studio/view_product_data/product_dialog/ViewMarketSnapshotSSESZSEL1Dialog.cpp" />
		<Unit filename="../src/studio/view_product_data/product_dialog/ViewMarketSnapshotSSESZSEL1Dialog.h" />
		<Unit filename="../src/studio/view_product_data/product_dialog/ViewSHL1MarketSnapShotProductDataDialog.cpp" />
		<Unit filename="../src/studio/view_product_data/product_dialog/ViewSHL1MarketSnapShotProductDataDialog.h" />
		<Unit filename="../src/studio/view_product_data/product_dialog/ViewSZL1MarketSnapShotProductDataDialog.cpp" />
		<Unit filename="../src/studio/view_product_data/product_dialog/ViewSZL1MarketSnapShotProductDataDialog.h" />
		<Unit filename="../src/studio/view_product_data/product_dialog/ViewMarketSnapshotL2Dialog.cpp" />
		<Unit filename="../src/studio/view_product_data/product_dialog/ViewMarketSnapshotL2Dialog.h" />
		<Unit filename="../src/studio/view_product_data/product_dialog/ViewSHL2MarketSnapShotProductDialog.cpp" />
		<Unit filename="../src/studio/view_product_data/product_dialog/ViewSHL2MarketSnapShotProductDialog.h" />
		<Unit filename="../src/studio/view_product_data/product_dialog/ViewSZL2MarketSnapShotProductDialog.cpp" />
		<Unit filename="../src/studio/view_product_data/product_dialog/ViewSZL2MarketSnapShotProductDialog.h" />
		<Unit filename="../src/studio/view_product_data/product_dialog/ViewL2TransactionsDialog.cpp" />
		<Unit filename="../src/studio/view_product_data/product_dialog/ViewL2TransactionsDialog.h" />
		<Unit filename="../src/studio/view_product_data/product_dialog/ViewSHL2TransactionsProductDialog.cpp" />
		<Unit filename="../src/studio/view_product_data/product_dialog/ViewSHL2TransactionsProductDialog.h" />
		<Unit filename="../src/studio/view_product_data/product_dialog/ViewSZL2TransactionsProductDialog.cpp" />
		<Unit filename="../src/studio/view_product_data/product_dialog/ViewSZL2TransactionsProductDialog.h" />
		<Unit filename="../src/studio/view_product_data/product_dialog/ViewSZL2OrdersProductDialog.cpp" />
		<Unit filename="../src/studio/view_product_data/product_dialog/ViewSZL2OrdersProductDialog.h" />
		<Unit filename="../src/studio/view_product_data/product_dialog/ViewMarketSnapshotCFFEL2ProductDialog.cpp" />
		<Unit filename="../src/studio/view_product_data/product_dialog/ViewMarketSnapshotCFFEL2ProductDialog.h" />
		<Unit filename="../src/studio/view_product_data/product_dialog/ViewMarketSnapshotCFFEL1ProductDialog.cpp" />
		<Unit filename="../src/studio/view_product_data/product_dialog/ViewMarketSnapshotCFFEL1ProductDialog.h" />
		<Unit filename="../src/studio/view_product_data/product_dialog/ViewMarketSnapshotCZCEL1ProductDialog.cpp" />
		<Unit filename="../src/studio/view_product_data/product_dialog/ViewMarketSnapshotCZCEL1ProductDialog.h" />
		<Unit filename="../src/studio/view_product_data/product_dialog/ViewMarketSnapshotDCEL1ProductDialog.cpp" />
		<Unit filename="../src/studio/view_product_data/product_dialog/ViewMarketSnapshotDCEL1ProductDialog.h" />
		<Unit filename="../src/studio/view_product_data/product_dialog/ViewMarketSnapshotFuturesDialog.cpp" />
		<Unit filename="../src/studio/view_product_data/product_dialog/ViewMarketSnapshotFuturesDialog.h" />
		<Unit filename="../src/studio/view_product_data/product_dialog/ViewMarketSnapshotSHFEL1ProductDialog.cpp" />
		<Unit filename="../src/studio/view_product_data/product_dialog/ViewMarketSnapshotSHFEL1ProductDialog.h" />
		<Unit filename="../src/studio/view_product_data/data/ViewProductData.cpp" />
		<Unit filename="../src/studio/view_product_data/data/ViewProductData.h" />
		<Unit filename="../src/studio/view_product_data/simulator/SimulatorEnviroment.cpp" />
		<Unit filename="../src/studio/view_product_data/simulator/SimulatorEnviroment.h" />
		<Unit filename="../src/studio/view_product_data/simulator/ViewAllProductSimulator.cpp" />
		<Unit filename="../src/studio/view_product_data/simulator/ViewAllProductSimulator.h" />
		<Unit filename="../src/studio/view_product_data/simulator/ViewProductSimulator.cpp" />
		<Unit filename="../src/studio/view_product_data/simulator/ViewProductSimulator.h" />
		<Unit filename="../src/studio/reference_struct/ReferenceAPIandStructView.cpp" />
		<Unit filename="../src/studio/reference_struct/ReferenceAPIandStructView.h" />
		<Unit filename="../src/commandline/console_command.cpp" />
		<Unit filename="../src/commandline/console_command.h" />
		<Unit filename="../src/commandline/console_command_define.h" />
		<Unit filename="../src/commandline/console_command_group.cpp" />
		<Unit filename="../src/commandline/console_command_group.h" />
		<Unit filename="../src/commandline/console_command_manager.cpp" />
		<Unit filename="../src/commandline/console_command_manager.h" />
		<Unit filename="../src/commandline/console_command_parser.cpp" />
		<Unit filename="../src/commandline/console_command_parser.h" />
		<Unit filename="../src/commandline/console_command_printer.cpp" />
		<Unit filename="../src/commandline/console_command_printer.h" />
		<Unit filename="../src/commandline/console_command_processor.cpp" />
		<Unit filename="../src/commandline/console_command_processor.h" />
		<Unit filename="../src/commandline/system_console_command_factory.cpp" />
		<Unit filename="../src/commandline/system_console_command_factory.h" />
		<Unit filename="../src/commandline/test_command.cpp" />
		<Unit filename="../src/commandline/test_command.h" />
		<Unit filename="../src/commandline/logger_command.cpp" />
		<Unit filename="../src/commandline/logger_command.h" />
		<Unit filename="../src/monitor/monitor_adapter.cpp" />
		<Unit filename="../src/monitor/monitor_adapter.h" />
		<Unit filename="../src/commandline/monitor_command.cpp" />
		<Unit filename="../src/commandline/monitor_command.h" />
		<Unit filename="../src/commandline/net_command.cpp" />
		<Unit filename="../src/commandline/net_command.h" />
		<Unit filename="../src/commandline/user_command.cpp" />
		<Unit filename="../src/commandline/user_command.h" />
		<Unit filename="../src/product/message_descripter.cpp" />
		<Unit filename="../src/product/message_descripter.h" />
		<Unit filename="../src/product/product_descripter.cpp" />
		<Unit filename="../src/product/product_descripter.h" />
		<Unit filename="../src/product/product_manager.cpp" />
		<Unit filename="../src/product/product_manager.h" />
		<Unit filename="../src/product/product_source.cpp" />
		<Unit filename="../src/product/product_source.h" />
		<Unit filename="../src/product/product_source_manager.cpp" />
		<Unit filename="../src/product/product_source_manager.h" />
		<Unit filename="../src/product/relay_product_adapter_factory.cpp" />
		<Unit filename="../src/product/relay_product_adapter_factory.h" />
		<Unit filename="../src/product/version_descripter.cpp" />
		<Unit filename="../src/product/version_descripter.h" />
		<Unit filename="../src/product/adapter/adapter_guard.cpp" />
		<Unit filename="../src/product/adapter/adapter_guard.h" />
		<Unit filename="../src/product/adapter/iproduct_adapter.cpp" />
		<Unit filename="../src/product/adapter/iproduct_adapter.h" />
		<Unit filename="../src/product/adapter/product_adapter.cpp" />
		<Unit filename="../src/product/adapter/product_adapter.h" />
		<Unit filename="../src/product/adapter/relay_adapter.cpp" />
		<Unit filename="../src/product/adapter/relay_adapter.h" />
		<Unit filename="../src/product/adapter/simulator_adapter.cpp" />
		<Unit filename="../src/product/adapter/simulator_adapter.h" />
		<Unit filename="../src/product/adapter/simulator_utils.h" />
		<Unit filename="../src/monitor/client_status_collector.cpp" />
		<Unit filename="../src/monitor/client_status_collector.h" />
		<Unit filename="../src/monitor/event_listener.cpp" />
		<Unit filename="../src/monitor/event_listener.h" />
		<Unit filename="../src/monitor/event_pool.cpp" />
		<Unit filename="../src/monitor/event_pool.h" />
		<Unit filename="../src/monitor/feed_event.cpp" />
		<Unit filename="../src/monitor/feed_event.h" />
		<Unit filename="../src/monitor/logger.cpp" />
		<Unit filename="../src/monitor/logger.h" />
		<Unit filename="../src/monitor/product_adapter_listener.cpp" />
		<Unit filename="../src/monitor/product_adapter_listener.h" />
		<Unit filename="../src/monitor/productdata_logger.cpp" />
		<Unit filename="../src/monitor/productdata_logger.h" />
		<Unit filename="../src/monitor/transfer_status_collector.cpp" />
		<Unit filename="../src/monitor/transfer_status_collector.h" />
		<Unit filename="../src/include/date_time.h" />
		<Unit filename="../src/include/time.h" />
		<Unit filename="../src/include/wmdf_api.h" />
		<Unit filename="../src/include/wmdf_structs.h" />
		<Unit filename="../src/environment/application_directory.cpp" />
		<Unit filename="../src/environment/application_directory.h" />
		<Unit filename="../src/environment/atomic_counter.h" />
		<Unit filename="../src/environment/atomic_ptr.h" />
		<Unit filename="../src/environment/atomicops.h" />
		<Unit filename="../src/environment/directory.cpp" />
		<Unit filename="../src/environment/directory.h" />
		<Unit filename="../src/environment/file.cpp" />
		<Unit filename="../src/environment/file.h" />
		<Unit filename="../src/monitor/monitor_state.cpp" />
		<Unit filename="../src/monitor/monitor_state.h" />
		<Unit filename="../src/environment/pipe.h" />
		<Unit filename="../src/environment/queue.h" />
		<Unit filename="../src/environment/server_environment.cpp" />
		<Unit filename="../src/environment/server_environment.h" />
		<Unit filename="../src/environment/splitter.h" />
		<Unit filename="../src/environment/system_config.cpp" />
		<Unit filename="../src/environment/system_config.h" />
		<Unit filename="../src/environment/utils.cpp" />
		<Unit filename="../src/environment/utils.h" />
		<Unit filename="../src/environment/wmdf_stream.cpp" />
		<Unit filename="../src/environment/wmdf_stream.h" />
		<Unit filename="../src/protocol/binary_codec.cpp" />
		<Unit filename="../src/protocol/binary_codec.h" />
		<Unit filename="../src/protocol/binary_message_codec.h" />
		<Unit filename="../src/protocol/codec_buffer.cpp" />
		<Unit filename="../src/protocol/codec_buffer.h" />
		<Unit filename="../src/protocol/fast_codec.h" />
		<Unit filename="../src/protocol/fast_message_codec.cpp" />
		<Unit filename="../src/protocol/fast_message_codec.h" />
		<Unit filename="../src/protocol/header_codec.h" />
		<Unit filename="../src/protocol/market_header_codec.cpp" />
		<Unit filename="../src/protocol/market_header_codec.h" />
		<Unit filename="../src/protocol/mdf_message.cpp" />
		<Unit filename="../src/protocol/mdf_message.h" />
		<Unit filename="../src/protocol/message_codec.h" />
		<Unit filename="../src/protocol/protocol_description.cpp" />
		<Unit filename="../src/protocol/protocol_description.h" />
		<Unit filename="../src/protocol/protocol_processor.cpp" />
		<Unit filename="../src/protocol/protocol_processor.h" />
		<Unit filename="../src/protocol/protocol_processor_center.cpp" />
		<Unit filename="../src/protocol/protocol_processor_center.h" />
		<Unit filename="../src/protocol/protocol_processor_controller.cpp" />
		<Unit filename="../src/protocol/protocol_processor_controller.h" />
		<Unit filename="../src/protocol/protocol_processor_factory.cpp" />
		<Unit filename="../src/protocol/protocol_processor_factory.h" />
		<Unit filename="../src/protocol/wind_fast_template.xml" />
		<Unit filename="../src/protocol/binary_codec_heart_beat.cpp" />
		<Unit filename="../src/protocol/binary_codec_heart_beat.h" />
		<Unit filename="../src/protocol/binary_codec_login_request.cpp" />
		<Unit filename="../src/protocol/binary_codec_login_request.h" />
		<Unit filename="../src/protocol/binary_codec_login_response.cpp" />
		<Unit filename="../src/protocol/binary_codec_login_response.h" />
		<Unit filename="../src/protocol/binary_codec_logout.cpp" />
		<Unit filename="../src/protocol/binary_codec_logout.h" />
		<Unit filename="../src/protocol/system_header_codec.cpp" />
		<Unit filename="../src/protocol/system_header_codec.h" />
		<Unit filename="../src/protocol/binary_codec_shl2_auction_price.cpp" />
		<Unit filename="../src/protocol/binary_codec_shl2_auction_price.h" />
		<Unit filename="../src/protocol/binary_codec_shl2_market_data.cpp" />
		<Unit filename="../src/protocol/binary_codec_shl2_market_data.h" />
		<Unit filename="../src/protocol/binary_codec_shl2_order_queue.cpp" />
		<Unit filename="../src/protocol/binary_codec_shl2_order_queue.h" />
		<Unit filename="../src/protocol/binary_codec_shl2_overview.cpp" />
		<Unit filename="../src/protocol/binary_codec_shl2_overview.h" />
		<Unit filename="../src/protocol/binary_codec_shl2_trans.cpp" />
		<Unit filename="../src/protocol/binary_codec_shl2_trans.h" />
		<Unit filename="../src/protocol/fast_codec_shl2_auction_price.cpp" />
		<Unit filename="../src/protocol/fast_codec_shl2_auction_price.h" />
		<Unit filename="../src/protocol/fast_codec_shl2_market_data.cpp" />
		<Unit filename="../src/protocol/fast_codec_shl2_market_data.h" />
		<Unit filename="../src/protocol/fast_codec_shl2_order_queue.cpp" />
		<Unit filename="../src/protocol/fast_codec_shl2_order_queue.h" />
		<Unit filename="../src/protocol/fast_codec_shl2_overview.cpp" />
		<Unit filename="../src/protocol/fast_codec_shl2_overview.h" />
		<Unit filename="../src/protocol/fast_codec_shl2_trans.cpp" />
		<Unit filename="../src/protocol/fast_codec_shl2_trans.h" />
		<Unit filename="../src/protocol/binary_codec_szl2_orders.cpp" />
		<Unit filename="../src/protocol/binary_codec_szl2_orders.h" />
		<Unit filename="../src/protocol/fast_codec_szl2_market_data.cpp" />
		<Unit filename="../src/protocol/fast_codec_szl2_market_data.h" />
		<Unit filename="../src/protocol/fast_codec_szl2_orders.cpp" />
		<Unit filename="../src/protocol/fast_codec_szl2_orders.h" />
		<Unit filename="../src/protocol/fast_codec_szl2_trans.cpp" />
		<Unit filename="../src/protocol/fast_codec_szl2_trans.h" />
		<Unit filename="../src/protocol/stop_bit_codec_szl2_market_data.cpp" />
		<Unit filename="../src/protocol/stop_bit_codec_szl2_market_data.h" />
		<Unit filename="../src/protocol/stop_bit_codec_szl2_order_queue.cpp" />
		<Unit filename="../src/protocol/stop_bit_codec_szl2_order_queue.h" />
		<Unit filename="../src/protocol/stop_bit_codec_szl2_orders.cpp" />
		<Unit filename="../src/protocol/stop_bit_codec_szl2_orders.h" />
		<Unit filename="../src/protocol/stop_bit_codec_szl2_trans.cpp" />
		<Unit filename="../src/protocol/stop_bit_codec_szl2_trans.h" />
		<Unit filename="../src/protocol/binary_codec_cffel1_market_data.cpp" />
		<Unit filename="../src/protocol/binary_codec_cffel1_market_data.h" />
		<Unit filename="../src/protocol/binary_codec_cffel2_market_data.cpp" />
		<Unit filename="../src/protocol/binary_codec_cffel2_market_data.h" />
		<Unit filename="../src/protocol/fast_codec_cffel1_market_data.cpp" />
		<Unit filename="../src/protocol/fast_codec_cffel1_market_data.h" />
		<Unit filename="../src/protocol/fast_codec_cffel2_market_data.cpp" />
		<Unit filename="../src/protocol/fast_codec_cffel2_market_data.h" />
		<Unit filename="../src/protocol/binary_codec_shszl1_market_data.cpp" />
		<Unit filename="../src/protocol/binary_codec_shszl1_market_data.h" />
		<Unit filename="../src/protocol/fast_codec_shszl1_market_data.cpp" />
		<Unit filename="../src/protocol/fast_codec_shszl1_market_data.h" />
		<Unit filename="../src/protocol/binary_codec_client_status.cpp" />
		<Unit filename="../src/protocol/binary_codec_client_status.h" />
		<Unit filename="../src/protocol/binary_codec_transfer_stat.cpp" />
		<Unit filename="../src/protocol/binary_codec_transfer_stat.h" />
		<Unit filename="../src/protocol/monitor_header_codec.cpp" />
		<Unit filename="../src/protocol/monitor_header_codec.h" />
		<Unit filename="../src/protocol/fast_codec_dcel1_market_data.cpp" />
		<Unit filename="../src/protocol/fast_codec_dcel1_market_data.h" />
		<Unit filename="../src/protocol/fast_codec_shfel1_market_data.cpp" />
		<Unit filename="../src/protocol/fast_codec_shfel1_market_data.h" />
		<Unit filename="../src/protocol/fast_codec_czcel1_market_data.cpp" />
		<Unit filename="../src/protocol/fast_codec_czcel1_market_data.h" />
		<Unit filename="../../lib/netmodule/atomic_ptr.h" />
		<Unit filename="../../lib/netmodule/client.cpp" />
		<Unit filename="../../lib/netmodule/client.h" />
		<Unit filename="../../lib/netmodule/client_impl.cpp" />
		<Unit filename="../../lib/netmodule/client_impl.h" />
		<Unit filename="../../lib/netmodule/conn_manager.cpp" />
		<Unit filename="../../lib/netmodule/conn_manager.h" />
		<Unit filename="../../lib/netmodule/connection.cpp" />
		<Unit filename="../../lib/netmodule/connection.h" />
		<Unit filename="../../lib/netmodule/error.h" />
		<Unit filename="../../lib/netmodule/event_factory.h" />
		<Unit filename="../../lib/netmodule/io_buffer.h" />
		<Unit filename="../../lib/netmodule/lock_free_queue.h" />
		<Unit filename="../../lib/netmodule/message_factory.cpp" />
		<Unit filename="../../lib/netmodule/message_factory.h" />
		<Unit filename="../../lib/netmodule/message_id_def.h" />
		<Unit filename="../../lib/netmodule/net_module.cpp" />
		<Unit filename="../../lib/netmodule/net_module.h" />
		<Unit filename="../../lib/netmodule/pipe.h" />
		<Unit filename="../../lib/netmodule/queue.h" />
		<Unit filename="../../lib/netmodule/relay_connection.h" />
		<Unit filename="../../lib/netmodule/server.cpp" />
		<Unit filename="../../lib/netmodule/server.h" />
		<Unit filename="../../lib/netmodule/server_impl.cpp" />
		<Unit filename="../../lib/netmodule/server_impl.h" />
		<Unit filename="../../lib/netmodule/service.h" />
		<Unit filename="../../lib/netmodule/stdint.hpp" />
		<Extensions>
			<code_completion />
			<debugger />
		</Extensions>
	</Project>
</CodeBlocks_project_file>
